// !$*UTF8*$!
{
	archiveVersion = 1;
	classes = {
	};
	objectVersion = 55;
	objects = {

/* Begin PBXBuildFile section */
		6E033F8827CE20DD001C53F2 /* PortfolioApp.swift in Sources */ = {isa = PBXBuildFile; fileRef = 6E033F8727CE20DD001C53F2 /* PortfolioApp.swift */; };
		6E033F8A27CE20DD001C53F2 /* HomeView.swift in Sources */ = {isa = PBXBuildFile; fileRef = 6E033F8927CE20DD001C53F2 /* HomeView.swift */; };
		6E033F8C27CE20DE001C53F2 /* Assets.xcassets in Resources */ = {isa = PBXBuildFile; fileRef = 6E033F8B27CE20DE001C53F2 /* Assets.xcassets */; };
		6E033F9B27CE219E001C53F2 /* Main.xcdatamodeld in Sources */ = {isa = PBXBuildFile; fileRef = 6E033F9927CE219E001C53F2 /* Main.xcdatamodeld */; };
		6E033F9D27CE23D9001C53F2 /* DataController.swift in Sources */ = {isa = PBXBuildFile; fileRef = 6E033F9C27CE23D9001C53F2 /* DataController.swift */; };
		6E033FA127CE2BA2001C53F2 /* CloudKit.framework in Frameworks */ = {isa = PBXBuildFile; fileRef = 6E033FA027CE2BA2001C53F2 /* CloudKit.framework */; };
		6E033FA627CE2EFB001C53F2 /* ProjectsView.swift in Sources */ = {isa = PBXBuildFile; fileRef = 6E033FA527CE2EFB001C53F2 /* ProjectsView.swift */; };
		6E033FA827CE320F001C53F2 /* ContentView.swift in Sources */ = {isa = PBXBuildFile; fileRef = 6E033FA727CE320F001C53F2 /* ContentView.swift */; };
		6E033FAA27CE4918001C53F2 /* Item.swift in Sources */ = {isa = PBXBuildFile; fileRef = 6E033FA927CE4918001C53F2 /* Item.swift */; };
		6E033FAC27CE491C001C53F2 /* Project.swift in Sources */ = {isa = PBXBuildFile; fileRef = 6E033FAB27CE491C001C53F2 /* Project.swift */; };
		6E033FAE27CE5925001C53F2 /* EditItemView.swift in Sources */ = {isa = PBXBuildFile; fileRef = 6E033FAD27CE5925001C53F2 /* EditItemView.swift */; };
		6E033FB027CE5CA3001C53F2 /* ItemRowView.swift in Sources */ = {isa = PBXBuildFile; fileRef = 6E033FAF27CE5CA3001C53F2 /* ItemRowView.swift */; };
		6E033FB327CE5F7A001C53F2 /* Binding-onChange.swift in Sources */ = {isa = PBXBuildFile; fileRef = 6E033FB227CE5F7A001C53F2 /* Binding-onChange.swift */; };
		6E033FB527CE6125001C53F2 /* ProjectHeaderView.swift in Sources */ = {isa = PBXBuildFile; fileRef = 6E033FB427CE6125001C53F2 /* ProjectHeaderView.swift */; };
		6E033FB727CE645D001C53F2 /* Colors.xcassets in Resources */ = {isa = PBXBuildFile; fileRef = 6E033FB627CE645D001C53F2 /* Colors.xcassets */; };
		6E033FB927CE64CC001C53F2 /* EditProjectView.swift in Sources */ = {isa = PBXBuildFile; fileRef = 6E033FB827CE64CC001C53F2 /* EditProjectView.swift */; };
		6E033FBB27CE7471001C53F2 /* Sequence-sorted.swift in Sources */ = {isa = PBXBuildFile; fileRef = 6E033FBA27CE7471001C53F2 /* Sequence-sorted.swift */; };
		6E033FBD27CE8017001C53F2 /* View-replace(if).swift in Sources */ = {isa = PBXBuildFile; fileRef = 6E033FBC27CE8017001C53F2 /* View-replace(if).swift */; };
		6E033FBF27CE8195001C53F2 /* SelectSomethingView.swift in Sources */ = {isa = PBXBuildFile; fileRef = 6E033FBE27CE8195001C53F2 /* SelectSomethingView.swift */; };
		6E033FC327CE8679001C53F2 /* Bundle-load.swift in Sources */ = {isa = PBXBuildFile; fileRef = 6E033FC227CE8679001C53F2 /* Bundle-load.swift */; };
		6E033FC527CE9D46001C53F2 /* Award.swift in Sources */ = {isa = PBXBuildFile; fileRef = 6E033FC427CE9D46001C53F2 /* Award.swift */; };
		6E033FC727CE9F4B001C53F2 /* AwardsView.swift in Sources */ = {isa = PBXBuildFile; fileRef = 6E033FC627CE9F4B001C53F2 /* AwardsView.swift */; };
		6E033FCC27CEA40D001C53F2 /* Previews.swift in Sources */ = {isa = PBXBuildFile; fileRef = 6E033FCB27CEA40D001C53F2 /* Previews.swift */; };
		6E033FCE27CEA6C8001C53F2 /* Color-additions.swift in Sources */ = {isa = PBXBuildFile; fileRef = 6E033FCD27CEA6C8001C53F2 /* Color-additions.swift */; };
		6E033FD627CF8AD2001C53F2 /* Localizable.strings in Resources */ = {isa = PBXBuildFile; fileRef = 6E033FD827CF8AD2001C53F2 /* Localizable.strings */; };
		6E033FD927CF8AD5001C53F2 /* Localizable.stringsdict in Resources */ = {isa = PBXBuildFile; fileRef = 6E033FDB27CF8AD5001C53F2 /* Localizable.stringsdict */; };
		6E033FE927CF8DAA001C53F2 /* Awards.json in Resources */ = {isa = PBXBuildFile; fileRef = 6E033FE727CF8DAA001C53F2 /* Awards.json */; };
		6E033FEC27CFACEE001C53F2 /* Localizable.swift in Sources */ = {isa = PBXBuildFile; fileRef = 6E033FEB27CFACEE001C53F2 /* Localizable.swift */; };
		6E033FEE27CFAEBD001C53F2 /* Strings.swift in Sources */ = {isa = PBXBuildFile; fileRef = 6E033FED27CFAEBD001C53F2 /* Strings.swift */; };
		6EF937D927D1411600B9CFC6 /* ItemListView.swift in Sources */ = {isa = PBXBuildFile; fileRef = 6EF937D827D1411600B9CFC6 /* ItemListView.swift */; };
		6EF937DB27D1424500B9CFC6 /* ProjectSummaryView.swift in Sources */ = {isa = PBXBuildFile; fileRef = 6EF937DA27D1424500B9CFC6 /* ProjectSummaryView.swift */; };
		6EF937DD27D1433900B9CFC6 /* Layout.swift in Sources */ = {isa = PBXBuildFile; fileRef = 6EF937DC27D1433900B9CFC6 /* Layout.swift */; };
		6EF937E027D1445B00B9CFC6 /* ProjectView.swift in Sources */ = {isa = PBXBuildFile; fileRef = 6EF937DF27D1445B00B9CFC6 /* ProjectView.swift */; };
/* End PBXBuildFile section */

/* Begin PBXFileReference section */
		6E033F8427CE20DD001C53F2 /* Portfolio.app */ = {isa = PBXFileReference; explicitFileType = wrapper.application; includeInIndex = 0; path = Portfolio.app; sourceTree = BUILT_PRODUCTS_DIR; };
		6E033F8727CE20DD001C53F2 /* PortfolioApp.swift */ = {isa = PBXFileReference; lastKnownFileType = sourcecode.swift; path = PortfolioApp.swift; sourceTree = "<group>"; };
		6E033F8927CE20DD001C53F2 /* HomeView.swift */ = {isa = PBXFileReference; lastKnownFileType = sourcecode.swift; path = HomeView.swift; sourceTree = "<group>"; };
		6E033F8B27CE20DE001C53F2 /* Assets.xcassets */ = {isa = PBXFileReference; lastKnownFileType = folder.assetcatalog; path = Assets.xcassets; sourceTree = "<group>"; };
		6E033F9A27CE219E001C53F2 /* Main.xcdatamodel */ = {isa = PBXFileReference; lastKnownFileType = wrapper.xcdatamodel; path = Main.xcdatamodel; sourceTree = "<group>"; };
		6E033F9C27CE23D9001C53F2 /* DataController.swift */ = {isa = PBXFileReference; lastKnownFileType = sourcecode.swift; path = DataController.swift; sourceTree = "<group>"; };
		6E033F9E27CE28F2001C53F2 /* Portfolio.entitlements */ = {isa = PBXFileReference; lastKnownFileType = text.plist.entitlements; path = Portfolio.entitlements; sourceTree = "<group>"; };
		6E033FA027CE2BA2001C53F2 /* CloudKit.framework */ = {isa = PBXFileReference; lastKnownFileType = wrapper.framework; name = CloudKit.framework; path = System/Library/Frameworks/CloudKit.framework; sourceTree = SDKROOT; };
		6E033FA227CE2BB3001C53F2 /* Info.plist */ = {isa = PBXFileReference; lastKnownFileType = text.plist.xml; path = Info.plist; sourceTree = "<group>"; };
		6E033FA527CE2EFB001C53F2 /* ProjectsView.swift */ = {isa = PBXFileReference; lastKnownFileType = sourcecode.swift; path = ProjectsView.swift; sourceTree = "<group>"; };
		6E033FA727CE320F001C53F2 /* ContentView.swift */ = {isa = PBXFileReference; lastKnownFileType = sourcecode.swift; path = ContentView.swift; sourceTree = "<group>"; };
		6E033FA927CE4918001C53F2 /* Item.swift */ = {isa = PBXFileReference; lastKnownFileType = sourcecode.swift; path = Item.swift; sourceTree = "<group>"; };
		6E033FAB27CE491C001C53F2 /* Project.swift */ = {isa = PBXFileReference; lastKnownFileType = sourcecode.swift; path = Project.swift; sourceTree = "<group>"; };
		6E033FAD27CE5925001C53F2 /* EditItemView.swift */ = {isa = PBXFileReference; lastKnownFileType = sourcecode.swift; path = EditItemView.swift; sourceTree = "<group>"; };
		6E033FAF27CE5CA3001C53F2 /* ItemRowView.swift */ = {isa = PBXFileReference; lastKnownFileType = sourcecode.swift; path = ItemRowView.swift; sourceTree = "<group>"; };
		6E033FB227CE5F7A001C53F2 /* Binding-onChange.swift */ = {isa = PBXFileReference; lastKnownFileType = sourcecode.swift; path = "Binding-onChange.swift"; sourceTree = "<group>"; };
		6E033FB427CE6125001C53F2 /* ProjectHeaderView.swift */ = {isa = PBXFileReference; lastKnownFileType = sourcecode.swift; path = ProjectHeaderView.swift; sourceTree = "<group>"; };
		6E033FB627CE645D001C53F2 /* Colors.xcassets */ = {isa = PBXFileReference; lastKnownFileType = folder.assetcatalog; path = Colors.xcassets; sourceTree = "<group>"; };
		6E033FB827CE64CC001C53F2 /* EditProjectView.swift */ = {isa = PBXFileReference; lastKnownFileType = sourcecode.swift; path = EditProjectView.swift; sourceTree = "<group>"; };
		6E033FBA27CE7471001C53F2 /* Sequence-sorted.swift */ = {isa = PBXFileReference; lastKnownFileType = sourcecode.swift; path = "Sequence-sorted.swift"; sourceTree = "<group>"; };
		6E033FBC27CE8017001C53F2 /* View-replace(if).swift */ = {isa = PBXFileReference; lastKnownFileType = sourcecode.swift; path = "View-replace(if).swift"; sourceTree = "<group>"; };
		6E033FBE27CE8195001C53F2 /* SelectSomethingView.swift */ = {isa = PBXFileReference; lastKnownFileType = sourcecode.swift; path = SelectSomethingView.swift; sourceTree = "<group>"; };
		6E033FC227CE8679001C53F2 /* Bundle-load.swift */ = {isa = PBXFileReference; lastKnownFileType = sourcecode.swift; path = "Bundle-load.swift"; sourceTree = "<group>"; };
		6E033FC427CE9D46001C53F2 /* Award.swift */ = {isa = PBXFileReference; lastKnownFileType = sourcecode.swift; path = Award.swift; sourceTree = "<group>"; };
		6E033FC627CE9F4B001C53F2 /* AwardsView.swift */ = {isa = PBXFileReference; lastKnownFileType = sourcecode.swift; path = AwardsView.swift; sourceTree = "<group>"; };
		6E033FCB27CEA40D001C53F2 /* Previews.swift */ = {isa = PBXFileReference; lastKnownFileType = sourcecode.swift; path = Previews.swift; sourceTree = "<group>"; };
		6E033FCD27CEA6C8001C53F2 /* Color-additions.swift */ = {isa = PBXFileReference; lastKnownFileType = sourcecode.swift; path = "Color-additions.swift"; sourceTree = "<group>"; };
		6E033FD727CF8AD2001C53F2 /* en */ = {isa = PBXFileReference; lastKnownFileType = text.plist.strings; name = en; path = en.lproj/Localizable.strings; sourceTree = "<group>"; };
		6E033FDA27CF8AD5001C53F2 /* en */ = {isa = PBXFileReference; lastKnownFileType = text.plist.stringsdict; name = en; path = en.lproj/Localizable.stringsdict; sourceTree = "<group>"; };
		6E033FDE27CF8C30001C53F2 /* hu */ = {isa = PBXFileReference; lastKnownFileType = text.plist.strings; name = hu; path = hu.lproj/Localizable.strings; sourceTree = "<group>"; };
		6E033FDF27CF8C30001C53F2 /* hu */ = {isa = PBXFileReference; lastKnownFileType = text.plist.stringsdict; name = hu; path = hu.lproj/Localizable.stringsdict; sourceTree = "<group>"; };
		6E033FE827CF8DAA001C53F2 /* en */ = {isa = PBXFileReference; lastKnownFileType = text.json; name = en; path = en.lproj/Awards.json; sourceTree = "<group>"; };
		6E033FEA27CF8DB4001C53F2 /* hu */ = {isa = PBXFileReference; lastKnownFileType = text.json; name = hu; path = hu.lproj/Awards.json; sourceTree = "<group>"; };
		6E033FEB27CFACEE001C53F2 /* Localizable.swift */ = {isa = PBXFileReference; lastKnownFileType = sourcecode.swift; path = Localizable.swift; sourceTree = "<group>"; };
		6E033FED27CFAEBD001C53F2 /* Strings.swift */ = {isa = PBXFileReference; lastKnownFileType = sourcecode.swift; path = Strings.swift; sourceTree = "<group>"; };
		6EF937D827D1411600B9CFC6 /* ItemListView.swift */ = {isa = PBXFileReference; lastKnownFileType = sourcecode.swift; path = ItemListView.swift; sourceTree = "<group>"; };
		6EF937DA27D1424500B9CFC6 /* ProjectSummaryView.swift */ = {isa = PBXFileReference; lastKnownFileType = sourcecode.swift; path = ProjectSummaryView.swift; sourceTree = "<group>"; };
		6EF937DC27D1433900B9CFC6 /* Layout.swift */ = {isa = PBXFileReference; lastKnownFileType = sourcecode.swift; path = Layout.swift; sourceTree = "<group>"; };
		6EF937DF27D1445B00B9CFC6 /* ProjectView.swift */ = {isa = PBXFileReference; lastKnownFileType = sourcecode.swift; path = ProjectView.swift; sourceTree = "<group>"; };
/* End PBXFileReference section */

/* Begin PBXFrameworksBuildPhase section */
		6E033F8127CE20DD001C53F2 /* Frameworks */ = {
			isa = PBXFrameworksBuildPhase;
			buildActionMask = 2147483647;
			files = (
				6E033FA127CE2BA2001C53F2 /* CloudKit.framework in Frameworks */,
			);
			runOnlyForDeploymentPostprocessing = 0;
		};
/* End PBXFrameworksBuildPhase section */

/* Begin PBXGroup section */
		6E033F7B27CE20DD001C53F2 = {
			isa = PBXGroup;
			children = (
				6E033F8627CE20DD001C53F2 /* Portfolio */,
				6E033F8527CE20DD001C53F2 /* Products */,
				6E033F9F27CE2BA2001C53F2 /* Frameworks */,
			);
			sourceTree = "<group>";
		};
		6E033F8527CE20DD001C53F2 /* Products */ = {
			isa = PBXGroup;
			children = (
				6E033F8427CE20DD001C53F2 /* Portfolio.app */,
			);
			name = Products;
			sourceTree = "<group>";
		};
		6E033F8627CE20DD001C53F2 /* Portfolio */ = {
			isa = PBXGroup;
			children = (
				6E033F8727CE20DD001C53F2 /* PortfolioApp.swift */,
				6E033F9627CE2167001C53F2 /* model */,
				6E033FA327CE2C36001C53F2 /* controller */,
				6E033FA427CE2C3A001C53F2 /* view */,
				6E033F9527CE210C001C53F2 /* resources */,
				6E033FB127CE5F5C001C53F2 /* to package */,
			);
			path = Portfolio;
			sourceTree = "<group>";
		};
		6E033F9527CE210C001C53F2 /* resources */ = {
			isa = PBXGroup;
			children = (
				6E033FD027CF7DF2001C53F2 /* config */,
				6E033FD127CF7E0F001C53F2 /* locale */,
				6E033FCF27CF7DE3001C53F2 /* assets */,
				6E033FCA27CEA404001C53F2 /* previews */,
			);
			path = resources;
			sourceTree = "<group>";
		};
		6E033F9627CE2167001C53F2 /* model */ = {
			isa = PBXGroup;
			children = (
				6E033F9927CE219E001C53F2 /* Main.xcdatamodeld */,
				6E033FA927CE4918001C53F2 /* Item.swift */,
				6E033FAB27CE491C001C53F2 /* Project.swift */,
				6E033FC427CE9D46001C53F2 /* Award.swift */,
			);
			path = model;
			sourceTree = "<group>";
		};
		6E033F9F27CE2BA2001C53F2 /* Frameworks */ = {
			isa = PBXGroup;
			children = (
				6E033FA027CE2BA2001C53F2 /* CloudKit.framework */,
			);
			name = Frameworks;
			sourceTree = "<group>";
		};
		6E033FA327CE2C36001C53F2 /* controller */ = {
			isa = PBXGroup;
			children = (
				6E033F9C27CE23D9001C53F2 /* DataController.swift */,
			);
			path = controller;
			sourceTree = "<group>";
		};
		6E033FA427CE2C3A001C53F2 /* view */ = {
			isa = PBXGroup;
			children = (
				6E033FA727CE320F001C53F2 /* ContentView.swift */,
				6E033F8927CE20DD001C53F2 /* HomeView.swift */,
				6E033FA527CE2EFB001C53F2 /* ProjectsView.swift */,
				6E033FC627CE9F4B001C53F2 /* AwardsView.swift */,
				6E033FAD27CE5925001C53F2 /* EditItemView.swift */,
				6E033FB827CE64CC001C53F2 /* EditProjectView.swift */,
				6E033FC927CEA1D0001C53F2 /* blocks */,
			);
			path = view;
			sourceTree = "<group>";
		};
		6E033FB127CE5F5C001C53F2 /* to package */ = {
			isa = PBXGroup;
			children = (
				6E033FB227CE5F7A001C53F2 /* Binding-onChange.swift */,
				6E033FEB27CFACEE001C53F2 /* Localizable.swift */,
				6E033FBC27CE8017001C53F2 /* View-replace(if).swift */,
				6E033FBA27CE7471001C53F2 /* Sequence-sorted.swift */,
				6E033FC227CE8679001C53F2 /* Bundle-load.swift */,
				6E033FCD27CEA6C8001C53F2 /* Color-additions.swift */,
			);
			path = "to package";
			sourceTree = "<group>";
		};
		6E033FC927CEA1D0001C53F2 /* blocks */ = {
			isa = PBXGroup;
			children = (
				6E033FAF27CE5CA3001C53F2 /* ItemRowView.swift */,
				6EF937DC27D1433900B9CFC6 /* Layout.swift */,
				6EF937D827D1411600B9CFC6 /* ItemListView.swift */,
				6E033FB427CE6125001C53F2 /* ProjectHeaderView.swift */,
				6EF937DF27D1445B00B9CFC6 /* ProjectView.swift */,
				6EF937DA27D1424500B9CFC6 /* ProjectSummaryView.swift */,
				6E033FBE27CE8195001C53F2 /* SelectSomethingView.swift */,
			);
			path = blocks;
			sourceTree = "<group>";
		};
		6E033FCA27CEA404001C53F2 /* previews */ = {
			isa = PBXGroup;
			children = (
				6E033FCB27CEA40D001C53F2 /* Previews.swift */,
			);
			path = previews;
			sourceTree = "<group>";
		};
		6E033FCF27CF7DE3001C53F2 /* assets */ = {
			isa = PBXGroup;
			children = (
				6E033F8B27CE20DE001C53F2 /* Assets.xcassets */,
				6E033FB627CE645D001C53F2 /* Colors.xcassets */,
			);
			path = assets;
			sourceTree = "<group>";
		};
		6E033FD027CF7DF2001C53F2 /* config */ = {
			isa = PBXGroup;
			children = (
				6E033FA227CE2BB3001C53F2 /* Info.plist */,
				6E033F9E27CE28F2001C53F2 /* Portfolio.entitlements */,
			);
			path = config;
			sourceTree = "<group>";
		};
		6E033FD127CF7E0F001C53F2 /* locale */ = {
			isa = PBXGroup;
			children = (
				6E033FE727CF8DAA001C53F2 /* Awards.json */,
				6E033FD827CF8AD2001C53F2 /* Localizable.strings */,
				6E033FDB27CF8AD5001C53F2 /* Localizable.stringsdict */,
				6E033FED27CFAEBD001C53F2 /* Strings.swift */,
			);
			path = locale;
			sourceTree = "<group>";
		};
/* End PBXGroup section */

/* Begin PBXNativeTarget section */
		6E033F8327CE20DD001C53F2 /* Portfolio */ = {
			isa = PBXNativeTarget;
			buildConfigurationList = 6E033F9227CE20DE001C53F2 /* Build configuration list for PBXNativeTarget "Portfolio" */;
			buildPhases = (
				6E033F8027CE20DD001C53F2 /* Sources */,
				6E033F8127CE20DD001C53F2 /* Frameworks */,
				6E033F8227CE20DD001C53F2 /* Resources */,
			);
			buildRules = (
			);
			dependencies = (
			);
			name = Portfolio;
			productName = Portfolio;
			productReference = 6E033F8427CE20DD001C53F2 /* Portfolio.app */;
			productType = "com.apple.product-type.application";
		};
/* End PBXNativeTarget section */

/* Begin PBXProject section */
		6E033F7C27CE20DD001C53F2 /* Project object */ = {
			isa = PBXProject;
			attributes = {
				BuildIndependentTargetsInParallel = 1;
				LastSwiftUpdateCheck = 1320;
				LastUpgradeCheck = 1320;
				TargetAttributes = {
					6E033F8327CE20DD001C53F2 = {
						CreatedOnToolsVersion = 13.2.1;
					};
				};
			};
			buildConfigurationList = 6E033F7F27CE20DD001C53F2 /* Build configuration list for PBXProject "Portfolio" */;
			compatibilityVersion = "Xcode 13.0";
			developmentRegion = en;
			hasScannedForEncodings = 0;
			knownRegions = (
				en,
				Base,
				hu,
			);
			mainGroup = 6E033F7B27CE20DD001C53F2;
			productRefGroup = 6E033F8527CE20DD001C53F2 /* Products */;
			projectDirPath = "";
			projectRoot = "";
			targets = (
				6E033F8327CE20DD001C53F2 /* Portfolio */,
			);
		};
/* End PBXProject section */

/* Begin PBXResourcesBuildPhase section */
		6E033F8227CE20DD001C53F2 /* Resources */ = {
			isa = PBXResourcesBuildPhase;
			buildActionMask = 2147483647;
			files = (
				6E033F8C27CE20DE001C53F2 /* Assets.xcassets in Resources */,
				6E033FE927CF8DAA001C53F2 /* Awards.json in Resources */,
				6E033FD627CF8AD2001C53F2 /* Localizable.strings in Resources */,
				6E033FD927CF8AD5001C53F2 /* Localizable.stringsdict in Resources */,
				6E033FB727CE645D001C53F2 /* Colors.xcassets in Resources */,
			);
			runOnlyForDeploymentPostprocessing = 0;
		};
/* End PBXResourcesBuildPhase section */

/* Begin PBXSourcesBuildPhase section */
		6E033F8027CE20DD001C53F2 /* Sources */ = {
			isa = PBXSourcesBuildPhase;
			buildActionMask = 2147483647;
			files = (
				6E033FEE27CFAEBD001C53F2 /* Strings.swift in Sources */,
				6E033FEC27CFACEE001C53F2 /* Localizable.swift in Sources */,
				6E033FA627CE2EFB001C53F2 /* ProjectsView.swift in Sources */,
				6E033FC527CE9D46001C53F2 /* Award.swift in Sources */,
				6E033FB527CE6125001C53F2 /* ProjectHeaderView.swift in Sources */,
				6EF937DD27D1433900B9CFC6 /* Layout.swift in Sources */,
				6E033FBB27CE7471001C53F2 /* Sequence-sorted.swift in Sources */,
				6E033F8A27CE20DD001C53F2 /* HomeView.swift in Sources */,
				6E033FC727CE9F4B001C53F2 /* AwardsView.swift in Sources */,
				6E033FA827CE320F001C53F2 /* ContentView.swift in Sources */,
				6E033FB927CE64CC001C53F2 /* EditProjectView.swift in Sources */,
				6E033F9D27CE23D9001C53F2 /* DataController.swift in Sources */,
				6E033FBD27CE8017001C53F2 /* View-replace(if).swift in Sources */,
				6E033FB027CE5CA3001C53F2 /* ItemRowView.swift in Sources */,
				6E033FB327CE5F7A001C53F2 /* Binding-onChange.swift in Sources */,
				6E033FAA27CE4918001C53F2 /* Item.swift in Sources */,
				6E033FCE27CEA6C8001C53F2 /* Color-additions.swift in Sources */,
				6E033F8827CE20DD001C53F2 /* PortfolioApp.swift in Sources */,
				6E033F9B27CE219E001C53F2 /* Main.xcdatamodeld in Sources */,
				6E033FBF27CE8195001C53F2 /* SelectSomethingView.swift in Sources */,
				6EF937D927D1411600B9CFC6 /* ItemListView.swift in Sources */,
				6E033FAC27CE491C001C53F2 /* Project.swift in Sources */,
				6EF937DB27D1424500B9CFC6 /* ProjectSummaryView.swift in Sources */,
				6E033FC327CE8679001C53F2 /* Bundle-load.swift in Sources */,
				6EF937E027D1445B00B9CFC6 /* ProjectView.swift in Sources */,
				6E033FCC27CEA40D001C53F2 /* Previews.swift in Sources */,
				6E033FAE27CE5925001C53F2 /* EditItemView.swift in Sources */,
			);
			runOnlyForDeploymentPostprocessing = 0;
		};
/* End PBXSourcesBuildPhase section */

/* Begin PBXVariantGroup section */
		6E033FD827CF8AD2001C53F2 /* Localizable.strings */ = {
			isa = PBXVariantGroup;
			children = (
				6E033FD727CF8AD2001C53F2 /* en */,
				6E033FDE27CF8C30001C53F2 /* hu */,
			);
			name = Localizable.strings;
			sourceTree = "<group>";
		};
		6E033FDB27CF8AD5001C53F2 /* Localizable.stringsdict */ = {
			isa = PBXVariantGroup;
			children = (
				6E033FDA27CF8AD5001C53F2 /* en */,
				6E033FDF27CF8C30001C53F2 /* hu */,
			);
			name = Localizable.stringsdict;
			sourceTree = "<group>";
		};
		6E033FE727CF8DAA001C53F2 /* Awards.json */ = {
			isa = PBXVariantGroup;
			children = (
				6E033FE827CF8DAA001C53F2 /* en */,
				6E033FEA27CF8DB4001C53F2 /* hu */,
			);
			name = Awards.json;
			sourceTree = "<group>";
		};
/* End PBXVariantGroup section */

/* Begin XCBuildConfiguration section */
		6E033F9027CE20DE001C53F2 /* Debug */ = {
			isa = XCBuildConfiguration;
			buildSettings = {
				ALWAYS_SEARCH_USER_PATHS = NO;
				CLANG_ANALYZER_LOCALIZABILITY_NONLOCALIZED = YES;
				CLANG_ANALYZER_NONNULL = YES;
				CLANG_ANALYZER_NUMBER_OBJECT_CONVERSION = YES_AGGRESSIVE;
				CLANG_CXX_LANGUAGE_STANDARD = "gnu++17";
				CLANG_CXX_LIBRARY = "libc++";
				CLANG_ENABLE_MODULES = YES;
				CLANG_ENABLE_OBJC_ARC = YES;
				CLANG_ENABLE_OBJC_WEAK = YES;
				CLANG_WARN_BLOCK_CAPTURE_AUTORELEASING = YES;
				CLANG_WARN_BOOL_CONVERSION = YES;
				CLANG_WARN_COMMA = YES;
				CLANG_WARN_CONSTANT_CONVERSION = YES;
				CLANG_WARN_DEPRECATED_OBJC_IMPLEMENTATIONS = YES;
				CLANG_WARN_DIRECT_OBJC_ISA_USAGE = YES_ERROR;
				CLANG_WARN_DOCUMENTATION_COMMENTS = YES;
				CLANG_WARN_EMPTY_BODY = YES;
				CLANG_WARN_ENUM_CONVERSION = YES;
				CLANG_WARN_INFINITE_RECURSION = YES;
				CLANG_WARN_INT_CONVERSION = YES;
				CLANG_WARN_NON_LITERAL_NULL_CONVERSION = YES;
				CLANG_WARN_OBJC_IMPLICIT_RETAIN_SELF = YES;
				CLANG_WARN_OBJC_LITERAL_CONVERSION = YES;
				CLANG_WARN_OBJC_ROOT_CLASS = YES_ERROR;
				CLANG_WARN_QUOTED_INCLUDE_IN_FRAMEWORK_HEADER = YES;
				CLANG_WARN_RANGE_LOOP_ANALYSIS = YES;
				CLANG_WARN_STRICT_PROTOTYPES = YES;
				CLANG_WARN_SUSPICIOUS_MOVE = YES;
				CLANG_WARN_UNGUARDED_AVAILABILITY = YES_AGGRESSIVE;
				CLANG_WARN_UNREACHABLE_CODE = YES;
				CLANG_WARN__DUPLICATE_METHOD_MATCH = YES;
				COPY_PHASE_STRIP = NO;
				DEBUG_INFORMATION_FORMAT = dwarf;
				ENABLE_STRICT_OBJC_MSGSEND = YES;
				ENABLE_TESTABILITY = YES;
				GCC_C_LANGUAGE_STANDARD = gnu11;
				GCC_DYNAMIC_NO_PIC = NO;
				GCC_NO_COMMON_BLOCKS = YES;
				GCC_OPTIMIZATION_LEVEL = 0;
				GCC_PREPROCESSOR_DEFINITIONS = (
					"DEBUG=1",
					"$(inherited)",
				);
				GCC_WARN_64_TO_32_BIT_CONVERSION = YES;
				GCC_WARN_ABOUT_RETURN_TYPE = YES_ERROR;
				GCC_WARN_UNDECLARED_SELECTOR = YES;
				GCC_WARN_UNINITIALIZED_AUTOS = YES_AGGRESSIVE;
				GCC_WARN_UNUSED_FUNCTION = YES;
				GCC_WARN_UNUSED_VARIABLE = YES;
				IPHONEOS_DEPLOYMENT_TARGET = 15.2;
				MTL_ENABLE_DEBUG_INFO = INCLUDE_SOURCE;
				MTL_FAST_MATH = YES;
				ONLY_ACTIVE_ARCH = YES;
				SDKROOT = iphoneos;
				SWIFT_ACTIVE_COMPILATION_CONDITIONS = DEBUG;
				SWIFT_OPTIMIZATION_LEVEL = "-Onone";
			};
			name = Debug;
		};
		6E033F9127CE20DE001C53F2 /* Release */ = {
			isa = XCBuildConfiguration;
			buildSettings = {
				ALWAYS_SEARCH_USER_PATHS = NO;
				CLANG_ANALYZER_LOCALIZABILITY_NONLOCALIZED = YES;
				CLANG_ANALYZER_NONNULL = YES;
				CLANG_ANALYZER_NUMBER_OBJECT_CONVERSION = YES_AGGRESSIVE;
				CLANG_CXX_LANGUAGE_STANDARD = "gnu++17";
				CLANG_CXX_LIBRARY = "libc++";
				CLANG_ENABLE_MODULES = YES;
				CLANG_ENABLE_OBJC_ARC = YES;
				CLANG_ENABLE_OBJC_WEAK = YES;
				CLANG_WARN_BLOCK_CAPTURE_AUTORELEASING = YES;
				CLANG_WARN_BOOL_CONVERSION = YES;
				CLANG_WARN_COMMA = YES;
				CLANG_WARN_CONSTANT_CONVERSION = YES;
				CLANG_WARN_DEPRECATED_OBJC_IMPLEMENTATIONS = YES;
				CLANG_WARN_DIRECT_OBJC_ISA_USAGE = YES_ERROR;
				CLANG_WARN_DOCUMENTATION_COMMENTS = YES;
				CLANG_WARN_EMPTY_BODY = YES;
				CLANG_WARN_ENUM_CONVERSION = YES;
				CLANG_WARN_INFINITE_RECURSION = YES;
				CLANG_WARN_INT_CONVERSION = YES;
				CLANG_WARN_NON_LITERAL_NULL_CONVERSION = YES;
				CLANG_WARN_OBJC_IMPLICIT_RETAIN_SELF = YES;
				CLANG_WARN_OBJC_LITERAL_CONVERSION = YES;
				CLANG_WARN_OBJC_ROOT_CLASS = YES_ERROR;
				CLANG_WARN_QUOTED_INCLUDE_IN_FRAMEWORK_HEADER = YES;
				CLANG_WARN_RANGE_LOOP_ANALYSIS = YES;
				CLANG_WARN_STRICT_PROTOTYPES = YES;
				CLANG_WARN_SUSPICIOUS_MOVE = YES;
				CLANG_WARN_UNGUARDED_AVAILABILITY = YES_AGGRESSIVE;
				CLANG_WARN_UNREACHABLE_CODE = YES;
				CLANG_WARN__DUPLICATE_METHOD_MATCH = YES;
				COPY_PHASE_STRIP = NO;
				DEBUG_INFORMATION_FORMAT = "dwarf-with-dsym";
				ENABLE_NS_ASSERTIONS = NO;
				ENABLE_STRICT_OBJC_MSGSEND = YES;
				GCC_C_LANGUAGE_STANDARD = gnu11;
				GCC_NO_COMMON_BLOCKS = YES;
				GCC_WARN_64_TO_32_BIT_CONVERSION = YES;
				GCC_WARN_ABOUT_RETURN_TYPE = YES_ERROR;
				GCC_WARN_UNDECLARED_SELECTOR = YES;
				GCC_WARN_UNINITIALIZED_AUTOS = YES_AGGRESSIVE;
				GCC_WARN_UNUSED_FUNCTION = YES;
				GCC_WARN_UNUSED_VARIABLE = YES;
				IPHONEOS_DEPLOYMENT_TARGET = 15.2;
				MTL_ENABLE_DEBUG_INFO = NO;
				MTL_FAST_MATH = YES;
				SDKROOT = iphoneos;
				SWIFT_COMPILATION_MODE = wholemodule;
				SWIFT_OPTIMIZATION_LEVEL = "-O";
				VALIDATE_PRODUCT = YES;
			};
			name = Release;
		};
		6E033F9327CE20DE001C53F2 /* Debug */ = {
			isa = XCBuildConfiguration;
			buildSettings = {
				ASSETCATALOG_COMPILER_APPICON_NAME = AppIcon;
				ASSETCATALOG_COMPILER_GLOBAL_ACCENT_COLOR_NAME = AccentColor;
				CODE_SIGN_ENTITLEMENTS = Portfolio/resources/config/Portfolio.entitlements;
				CODE_SIGN_STYLE = Automatic;
				CURRENT_PROJECT_VERSION = 1;
				DEVELOPMENT_ASSET_PATHS = Portfolio/resources/previews;
				DEVELOPMENT_TEAM = 4UUEFBYP76;
				ENABLE_PREVIEWS = YES;
				GENERATE_INFOPLIST_FILE = YES;
				INFOPLIST_FILE = Portfolio/resources/config/Info.plist;
				INFOPLIST_KEY_UIApplicationSceneManifest_Generation = YES;
				INFOPLIST_KEY_UIApplicationSupportsIndirectInputEvents = YES;
				INFOPLIST_KEY_UILaunchScreen_Generation = YES;
				INFOPLIST_KEY_UISupportedInterfaceOrientations_iPad = "UIInterfaceOrientationPortrait UIInterfaceOrientationPortraitUpsideDown UIInterfaceOrientationLandscapeLeft UIInterfaceOrientationLandscapeRight";
				INFOPLIST_KEY_UISupportedInterfaceOrientations_iPhone = "UIInterfaceOrientationPortrait UIInterfaceOrientationLandscapeLeft UIInterfaceOrientationLandscapeRight";
				LD_RUNPATH_SEARCH_PATHS = (
					"$(inherited)",
					"@executable_path/Frameworks",
				);
				MARKETING_VERSION = 1.0;
				PRODUCT_BUNDLE_IDENTIFIER = LeoLem.Portfolio;
				PRODUCT_NAME = "$(TARGET_NAME)";
				SWIFT_EMIT_LOC_STRINGS = YES;
				SWIFT_VERSION = 5.0;
				TARGETED_DEVICE_FAMILY = "1,2";
			};
			name = Debug;
		};
		6E033F9427CE20DE001C53F2 /* Release */ = {
			isa = XCBuildConfiguration;
			buildSettings = {
				ASSETCATALOG_COMPILER_APPICON_NAME = AppIcon;
				ASSETCATALOG_COMPILER_GLOBAL_ACCENT_COLOR_NAME = AccentColor;
				CODE_SIGN_ENTITLEMENTS = Portfolio/resources/config/Portfolio.entitlements;
				CODE_SIGN_STYLE = Automatic;
				CURRENT_PROJECT_VERSION = 1;
				DEVELOPMENT_ASSET_PATHS = Portfolio/resources/previews;
				DEVELOPMENT_TEAM = 4UUEFBYP76;
				ENABLE_PREVIEWS = YES;
				GENERATE_INFOPLIST_FILE = YES;
				INFOPLIST_FILE = Portfolio/resources/config/Info.plist;
				INFOPLIST_KEY_UIApplicationSceneManifest_Generation = YES;
				INFOPLIST_KEY_UIApplicationSupportsIndirectInputEvents = YES;
				INFOPLIST_KEY_UILaunchScreen_Generation = YES;
				INFOPLIST_KEY_UISupportedInterfaceOrientations_iPad = "UIInterfaceOrientationPortrait UIInterfaceOrientationPortraitUpsideDown UIInterfaceOrientationLandscapeLeft UIInterfaceOrientationLandscapeRight";
				INFOPLIST_KEY_UISupportedInterfaceOrientations_iPhone = "UIInterfaceOrientationPortrait UIInterfaceOrientationLandscapeLeft UIInterfaceOrientationLandscapeRight";
				LD_RUNPATH_SEARCH_PATHS = (
					"$(inherited)",
					"@executable_path/Frameworks",
				);
				MARKETING_VERSION = 1.0;
				PRODUCT_BUNDLE_IDENTIFIER = LeoLem.Portfolio;
				PRODUCT_NAME = "$(TARGET_NAME)";
				SWIFT_EMIT_LOC_STRINGS = YES;
				SWIFT_VERSION = 5.0;
				TARGETED_DEVICE_FAMILY = "1,2";
			};
			name = Release;
		};
/* End XCBuildConfiguration section */

/* Begin XCConfigurationList section */
		6E033F7F27CE20DD001C53F2 /* Build configuration list for PBXProject "Portfolio" */ = {
			isa = XCConfigurationList;
			buildConfigurations = (
				6E033F9027CE20DE001C53F2 /* Debug */,
				6E033F9127CE20DE001C53F2 /* Release */,
			);
			defaultConfigurationIsVisible = 0;
			defaultConfigurationName = Release;
		};
		6E033F9227CE20DE001C53F2 /* Build configuration list for PBXNativeTarget "Portfolio" */ = {
			isa = XCConfigurationList;
			buildConfigurations = (
				6E033F9327CE20DE001C53F2 /* Debug */,
				6E033F9427CE20DE001C53F2 /* Release */,
			);
			defaultConfigurationIsVisible = 0;
			defaultConfigurationName = Release;
		};
/* End XCConfigurationList section */

/* Begin XCVersionGroup section */
		6E033F9927CE219E001C53F2 /* Main.xcdatamodeld */ = {
			isa = XCVersionGroup;
			children = (
				6E033F9A27CE219E001C53F2 /* Main.xcdatamodel */,
			);
			currentVersion = 6E033F9A27CE219E001C53F2 /* Main.xcdatamodel */;
			path = Main.xcdatamodeld;
			sourceTree = "<group>";
			versionGroupType = wrapper.xcdatamodel;
		};
/* End XCVersionGroup section */
	};
	rootObject = 6E033F7C27CE20DD001C53F2 /* Project object */;
}
