// !$*UTF8*$!
{
	archiveVersion = 1;
	classes = {
	};
	objectVersion = 55;
	objects = {

/* Begin PBXBuildFile section */
		6E033F8827CE20DD001C53F2 /* PortfolioApp.swift in Sources */ = {isa = PBXBuildFile; fileRef = 6E033F8727CE20DD001C53F2 /* PortfolioApp.swift */; };
		6E033F8A27CE20DD001C53F2 /* HomeVM.swift in Sources */ = {isa = PBXBuildFile; fileRef = 6E033F8927CE20DD001C53F2 /* HomeVM.swift */; };
		6E033F8C27CE20DE001C53F2 /* Assets.xcassets in Resources */ = {isa = PBXBuildFile; fileRef = 6E033F8B27CE20DE001C53F2 /* Assets.xcassets */; };
		6E033F9B27CE219E001C53F2 /* Main.xcdatamodeld in Sources */ = {isa = PBXBuildFile; fileRef = 6E033F9927CE219E001C53F2 /* Main.xcdatamodeld */; };
		6E033F9D27CE23D9001C53F2 /* DataController.swift in Sources */ = {isa = PBXBuildFile; fileRef = 6E033F9C27CE23D9001C53F2 /* DataController.swift */; };
		6E033FA127CE2BA2001C53F2 /* CloudKit.framework in Frameworks */ = {isa = PBXBuildFile; fileRef = 6E033FA027CE2BA2001C53F2 /* CloudKit.framework */; };
		6E033FA627CE2EFB001C53F2 /* ProjectsVM.swift in Sources */ = {isa = PBXBuildFile; fileRef = 6E033FA527CE2EFB001C53F2 /* ProjectsVM.swift */; };
		6E033FA827CE320F001C53F2 /* ContentView.swift in Sources */ = {isa = PBXBuildFile; fileRef = 6E033FA727CE320F001C53F2 /* ContentView.swift */; };
		6E033FAA27CE4918001C53F2 /* Item.swift in Sources */ = {isa = PBXBuildFile; fileRef = 6E033FA927CE4918001C53F2 /* Item.swift */; };
		6E033FAC27CE491C001C53F2 /* Project.swift in Sources */ = {isa = PBXBuildFile; fileRef = 6E033FAB27CE491C001C53F2 /* Project.swift */; };
		6E033FAE27CE5925001C53F2 /* EditItemVM.swift in Sources */ = {isa = PBXBuildFile; fileRef = 6E033FAD27CE5925001C53F2 /* EditItemVM.swift */; };
		6E033FB527CE6125001C53F2 /* ProjectHeaderView.swift in Sources */ = {isa = PBXBuildFile; fileRef = 6E033FB427CE6125001C53F2 /* ProjectHeaderView.swift */; };
		6E033FB727CE645D001C53F2 /* Colors.xcassets in Resources */ = {isa = PBXBuildFile; fileRef = 6E033FB627CE645D001C53F2 /* Colors.xcassets */; };
		6E033FB927CE64CC001C53F2 /* EditProjectVM.swift in Sources */ = {isa = PBXBuildFile; fileRef = 6E033FB827CE64CC001C53F2 /* EditProjectVM.swift */; };
		6E033FC527CE9D46001C53F2 /* Award.swift in Sources */ = {isa = PBXBuildFile; fileRef = 6E033FC427CE9D46001C53F2 /* Award.swift */; };
		6E033FC727CE9F4B001C53F2 /* AwardsVM.swift in Sources */ = {isa = PBXBuildFile; fileRef = 6E033FC627CE9F4B001C53F2 /* AwardsVM.swift */; };
		6E033FD627CF8AD2001C53F2 /* Localizable.strings in Resources */ = {isa = PBXBuildFile; fileRef = 6E033FD827CF8AD2001C53F2 /* Localizable.strings */; };
		6E033FD927CF8AD5001C53F2 /* Localizable.stringsdict in Resources */ = {isa = PBXBuildFile; fileRef = 6E033FDB27CF8AD5001C53F2 /* Localizable.stringsdict */; };
		6E033FE927CF8DAA001C53F2 /* Awards.json in Resources */ = {isa = PBXBuildFile; fileRef = 6E033FE727CF8DAA001C53F2 /* Awards.json */; };
		6E033FEE27CFAEBD001C53F2 /* Strings.swift in Sources */ = {isa = PBXBuildFile; fileRef = 6E033FED27CFAEBD001C53F2 /* Strings.swift */; };
		6E219EFE27DFB5B800B50906 /* controller-previews.swift in Sources */ = {isa = PBXBuildFile; fileRef = 6E219EFC27DFB59400B50906 /* controller-previews.swift */; };
		6E219EFF27DFB5BB00B50906 /* model-previews.swift in Sources */ = {isa = PBXBuildFile; fileRef = 6E219EFA27DFB58D00B50906 /* model-previews.swift */; };
		6E63524D27D38B35004F5A1F /* PortfolioTests.swift in Sources */ = {isa = PBXBuildFile; fileRef = 6E63524C27D38B35004F5A1F /* PortfolioTests.swift */; };
		6E63525427D38E97004F5A1F /* AssetTests.swift in Sources */ = {isa = PBXBuildFile; fileRef = 6E63525327D38E97004F5A1F /* AssetTests.swift */; };
		6E63525627D3906F004F5A1F /* model-previews.swift in Sources */ = {isa = PBXBuildFile; fileRef = 6E63525527D3906F004F5A1F /* model-previews.swift */; };
		6E63525827D391F3004F5A1F /* controller-previews.swift in Sources */ = {isa = PBXBuildFile; fileRef = 6E63525727D391F3004F5A1F /* controller-previews.swift */; };
		6E63525A27D39FB0004F5A1F /* ProjectTests.swift in Sources */ = {isa = PBXBuildFile; fileRef = 6E63525927D39FB0004F5A1F /* ProjectTests.swift */; };
		6E63525C27D3A2CC004F5A1F /* AwardsTests.swift in Sources */ = {isa = PBXBuildFile; fileRef = 6E63525B27D3A2CC004F5A1F /* AwardsTests.swift */; };
		6E63526027D3C02C004F5A1F /* DevelopmentTests.swift in Sources */ = {isa = PBXBuildFile; fileRef = 6E63525F27D3C02C004F5A1F /* DevelopmentTests.swift */; };
		6E63526227D3D0B2004F5A1F /* PerformanceTests.swift in Sources */ = {isa = PBXBuildFile; fileRef = 6E63526127D3D0B2004F5A1F /* PerformanceTests.swift */; };
		6E63526A27D3D4B6004F5A1F /* PortfolioUITests.swift in Sources */ = {isa = PBXBuildFile; fileRef = 6E63526927D3D4B6004F5A1F /* PortfolioUITests.swift */; };
		6E63527527D3E99E004F5A1F /* ItemListView.swift in Sources */ = {isa = PBXBuildFile; fileRef = 6E63527427D3E99E004F5A1F /* ItemListView.swift */; };
		6E63527827D3F2CC004F5A1F /* AppState.swift in Sources */ = {isa = PBXBuildFile; fileRef = 6E63527727D3F2CC004F5A1F /* AppState.swift */; };
		6E89B42427D755CC005C3EA4 /* QAController.swift in Sources */ = {isa = PBXBuildFile; fileRef = 6E89B42327D755CC005C3EA4 /* QAController.swift */; };
		6E89B42827D7712F005C3EA4 /* NotificationController.swift in Sources */ = {isa = PBXBuildFile; fileRef = 6E89B42727D7712F005C3EA4 /* NotificationController.swift */; };
		6E89B42A27D79D15005C3EA4 /* IAPController.swift in Sources */ = {isa = PBXBuildFile; fileRef = 6E89B42927D79D15005C3EA4 /* IAPController.swift */; };
		6E89B42F27D7A61F005C3EA4 /* ProductView.swift in Sources */ = {isa = PBXBuildFile; fileRef = 6E89B42E27D7A61F005C3EA4 /* ProductView.swift */; };
		6E89B43527D7AD58005C3EA4 /* UnlockView.swift in Sources */ = {isa = PBXBuildFile; fileRef = 6E89B43427D7AD58005C3EA4 /* UnlockView.swift */; };
		6E89B43A27DF7AD7005C3EA4 /* InfoPlist.strings in Resources */ = {isa = PBXBuildFile; fileRef = 6E89B43C27DF7AD7005C3EA4 /* InfoPlist.strings */; };
		6E89B44627DFA208005C3EA4 /* WidgetKit.framework in Frameworks */ = {isa = PBXBuildFile; fileRef = 6E89B44527DFA208005C3EA4 /* WidgetKit.framework */; };
		6E89B44827DFA208005C3EA4 /* SwiftUI.framework in Frameworks */ = {isa = PBXBuildFile; fileRef = 6E89B44727DFA208005C3EA4 /* SwiftUI.framework */; };
		6E89B44B27DFA208005C3EA4 /* SimpleWidget.swift in Sources */ = {isa = PBXBuildFile; fileRef = 6E89B44A27DFA208005C3EA4 /* SimpleWidget.swift */; };
		6E89B44D27DFA209005C3EA4 /* Assets.xcassets in Resources */ = {isa = PBXBuildFile; fileRef = 6E89B44C27DFA209005C3EA4 /* Assets.xcassets */; };
		6E89B45127DFA209005C3EA4 /* PortfolioWidgetExtension.appex in Embed App Extensions */ = {isa = PBXBuildFile; fileRef = 6E89B44427DFA208005C3EA4 /* PortfolioWidgetExtension.appex */; settings = {ATTRIBUTES = (RemoveHeadersOnCopy, ); }; };
		6E89B45627DFA2D8005C3EA4 /* Item.swift in Sources */ = {isa = PBXBuildFile; fileRef = 6E033FA927CE4918001C53F2 /* Item.swift */; };
		6E89B45727DFA2DB005C3EA4 /* Project.swift in Sources */ = {isa = PBXBuildFile; fileRef = 6E033FAB27CE491C001C53F2 /* Project.swift */; };
		6E89B45927DFA317005C3EA4 /* Main.xcdatamodeld in Sources */ = {isa = PBXBuildFile; fileRef = 6E033F9927CE219E001C53F2 /* Main.xcdatamodeld */; };
		6E89B45A27DFA409005C3EA4 /* DataController.swift in Sources */ = {isa = PBXBuildFile; fileRef = 6E033F9C27CE23D9001C53F2 /* DataController.swift */; };
		6E89B45C27DFA5A1005C3EA4 /* MyPackage in Frameworks */ = {isa = PBXBuildFile; productRef = 6E89B45B27DFA5A1005C3EA4 /* MyPackage */; };
		6E89B46027DFA8F9005C3EA4 /* WidgetController.swift in Sources */ = {isa = PBXBuildFile; fileRef = 6E89B45F27DFA8F9005C3EA4 /* WidgetController.swift */; };
		6EC5A0CA27D23B1B008FE43B /* ProjectsView.swift in Sources */ = {isa = PBXBuildFile; fileRef = 6EC5A0C927D23B1B008FE43B /* ProjectsView.swift */; };
		6EC5A0CE27D242BB008FE43B /* MyPackage in Frameworks */ = {isa = PBXBuildFile; productRef = 6EC5A0CD27D242BB008FE43B /* MyPackage */; };
		6EC5A0D027D24D34008FE43B /* HomeView.swift in Sources */ = {isa = PBXBuildFile; fileRef = 6EC5A0CF27D24D34008FE43B /* HomeView.swift */; };
		6EC5A0D327D26950008FE43B /* AwardsView.swift in Sources */ = {isa = PBXBuildFile; fileRef = 6EC5A0D227D26950008FE43B /* AwardsView.swift */; };
		6EC5A0D527D269FC008FE43B /* AwardView.swift in Sources */ = {isa = PBXBuildFile; fileRef = 6EC5A0D427D269FC008FE43B /* AwardView.swift */; };
		6EC5A0DA27D277FA008FE43B /* EditItemView.swift in Sources */ = {isa = PBXBuildFile; fileRef = 6EC5A0D927D277FA008FE43B /* EditItemView.swift */; };
		6EC5A0DC27D279A4008FE43B /* EditProjectView.swift in Sources */ = {isa = PBXBuildFile; fileRef = 6EC5A0DB27D279A4008FE43B /* EditProjectView.swift */; };
		6EED86F427E8F885003147C9 /* Localizable.strings in Resources */ = {isa = PBXBuildFile; fileRef = 6E033FD827CF8AD2001C53F2 /* Localizable.strings */; };
		6EED86F627E8F8EB003147C9 /* PortfolioWidgets.swift in Sources */ = {isa = PBXBuildFile; fileRef = 6EED86F527E8F8EB003147C9 /* PortfolioWidgets.swift */; };
		6EED86F727EB86F5003147C9 /* Strings.swift in Sources */ = {isa = PBXBuildFile; fileRef = 6E033FED27CFAEBD001C53F2 /* Strings.swift */; };
		6EED86F827EB8952003147C9 /* misc.swift in Sources */ = {isa = PBXBuildFile; fileRef = 6EF937DC27D1433900B9CFC6 /* misc.swift */; };
		6EF937D927D1411600B9CFC6 /* PeekItemListView.swift in Sources */ = {isa = PBXBuildFile; fileRef = 6EF937D827D1411600B9CFC6 /* PeekItemListView.swift */; };
		6EF937DB27D1424500B9CFC6 /* ProjectSummaryView.swift in Sources */ = {isa = PBXBuildFile; fileRef = 6EF937DA27D1424500B9CFC6 /* ProjectSummaryView.swift */; };
		6EF937DD27D1433900B9CFC6 /* misc.swift in Sources */ = {isa = PBXBuildFile; fileRef = 6EF937DC27D1433900B9CFC6 /* misc.swift */; };
		6EF937EC27D2282200B9CFC6 /* .swiftlint.yml in Resources */ = {isa = PBXBuildFile; fileRef = 6EF937EB27D2282200B9CFC6 /* .swiftlint.yml */; };
		8A7A135627E9E6F2003A81B3 /* Items-Timeline.swift in Sources */ = {isa = PBXBuildFile; fileRef = 8A7A135527E9E6F2003A81B3 /* Items-Timeline.swift */; };
		8A7A135827E9E76D003A81B3 /* SimpleWidget-EntryView.swift in Sources */ = {isa = PBXBuildFile; fileRef = 8A7A135727E9E76D003A81B3 /* SimpleWidget-EntryView.swift */; };
		8A7A135A27E9E9AF003A81B3 /* Colors.xcassets in Resources */ = {isa = PBXBuildFile; fileRef = 6E033FB627CE645D001C53F2 /* Colors.xcassets */; };
		8A7A135E27E9EAF7003A81B3 /* ComplexWidget.swift in Sources */ = {isa = PBXBuildFile; fileRef = 8A7A135D27E9EAF7003A81B3 /* ComplexWidget.swift */; };
		8A7A136027E9EB1C003A81B3 /* ComplexWidget-EntryView.swift in Sources */ = {isa = PBXBuildFile; fileRef = 8A7A135F27E9EB1C003A81B3 /* ComplexWidget-EntryView.swift */; };
/* End PBXBuildFile section */

/* Begin PBXContainerItemProxy section */
		6E63524E27D38B35004F5A1F /* PBXContainerItemProxy */ = {
			isa = PBXContainerItemProxy;
			containerPortal = 6E033F7C27CE20DD001C53F2 /* Project object */;
			proxyType = 1;
			remoteGlobalIDString = 6E033F8327CE20DD001C53F2;
			remoteInfo = Portfolio;
		};
		6E63526D27D3D4B6004F5A1F /* PBXContainerItemProxy */ = {
			isa = PBXContainerItemProxy;
			containerPortal = 6E033F7C27CE20DD001C53F2 /* Project object */;
			proxyType = 1;
			remoteGlobalIDString = 6E033F8327CE20DD001C53F2;
			remoteInfo = Portfolio;
		};
		6E89B44F27DFA209005C3EA4 /* PBXContainerItemProxy */ = {
			isa = PBXContainerItemProxy;
			containerPortal = 6E033F7C27CE20DD001C53F2 /* Project object */;
			proxyType = 1;
			remoteGlobalIDString = 6E89B44327DFA208005C3EA4;
			remoteInfo = PortfolioWidgetExtension;
		};
/* End PBXContainerItemProxy section */

/* Begin PBXCopyFilesBuildPhase section */
		6E89B45227DFA209005C3EA4 /* Embed App Extensions */ = {
			isa = PBXCopyFilesBuildPhase;
			buildActionMask = 2147483647;
			dstPath = "";
			dstSubfolderSpec = 13;
			files = (
				6E89B45127DFA209005C3EA4 /* PortfolioWidgetExtension.appex in Embed App Extensions */,
			);
			name = "Embed App Extensions";
			runOnlyForDeploymentPostprocessing = 0;
		};
/* End PBXCopyFilesBuildPhase section */

/* Begin PBXFileReference section */
		6E033F8427CE20DD001C53F2 /* Portfolio.app */ = {isa = PBXFileReference; explicitFileType = wrapper.application; includeInIndex = 0; path = Portfolio.app; sourceTree = BUILT_PRODUCTS_DIR; };
		6E033F8727CE20DD001C53F2 /* PortfolioApp.swift */ = {isa = PBXFileReference; lastKnownFileType = sourcecode.swift; path = PortfolioApp.swift; sourceTree = "<group>"; };
		6E033F8927CE20DD001C53F2 /* HomeVM.swift */ = {isa = PBXFileReference; lastKnownFileType = sourcecode.swift; path = HomeVM.swift; sourceTree = "<group>"; };
		6E033F8B27CE20DE001C53F2 /* Assets.xcassets */ = {isa = PBXFileReference; lastKnownFileType = folder.assetcatalog; path = Assets.xcassets; sourceTree = "<group>"; };
		6E033F9A27CE219E001C53F2 /* Main.xcdatamodel */ = {isa = PBXFileReference; lastKnownFileType = wrapper.xcdatamodel; path = Main.xcdatamodel; sourceTree = "<group>"; };
		6E033F9C27CE23D9001C53F2 /* DataController.swift */ = {isa = PBXFileReference; lastKnownFileType = sourcecode.swift; path = DataController.swift; sourceTree = "<group>"; };
		6E033F9E27CE28F2001C53F2 /* Portfolio.entitlements */ = {isa = PBXFileReference; lastKnownFileType = text.plist.entitlements; path = Portfolio.entitlements; sourceTree = "<group>"; };
		6E033FA027CE2BA2001C53F2 /* CloudKit.framework */ = {isa = PBXFileReference; lastKnownFileType = wrapper.framework; name = CloudKit.framework; path = System/Library/Frameworks/CloudKit.framework; sourceTree = SDKROOT; };
		6E033FA227CE2BB3001C53F2 /* Info.plist */ = {isa = PBXFileReference; lastKnownFileType = text.plist.xml; path = Info.plist; sourceTree = "<group>"; };
		6E033FA527CE2EFB001C53F2 /* ProjectsVM.swift */ = {isa = PBXFileReference; lastKnownFileType = sourcecode.swift; path = ProjectsVM.swift; sourceTree = "<group>"; };
		6E033FA727CE320F001C53F2 /* ContentView.swift */ = {isa = PBXFileReference; lastKnownFileType = sourcecode.swift; path = ContentView.swift; sourceTree = "<group>"; };
		6E033FA927CE4918001C53F2 /* Item.swift */ = {isa = PBXFileReference; lastKnownFileType = sourcecode.swift; path = Item.swift; sourceTree = "<group>"; };
		6E033FAB27CE491C001C53F2 /* Project.swift */ = {isa = PBXFileReference; lastKnownFileType = sourcecode.swift; path = Project.swift; sourceTree = "<group>"; };
		6E033FAD27CE5925001C53F2 /* EditItemVM.swift */ = {isa = PBXFileReference; lastKnownFileType = sourcecode.swift; path = EditItemVM.swift; sourceTree = "<group>"; };
		6E033FB427CE6125001C53F2 /* ProjectHeaderView.swift */ = {isa = PBXFileReference; lastKnownFileType = sourcecode.swift; path = ProjectHeaderView.swift; sourceTree = "<group>"; };
		6E033FB627CE645D001C53F2 /* Colors.xcassets */ = {isa = PBXFileReference; lastKnownFileType = folder.assetcatalog; path = Colors.xcassets; sourceTree = "<group>"; };
		6E033FB827CE64CC001C53F2 /* EditProjectVM.swift */ = {isa = PBXFileReference; lastKnownFileType = sourcecode.swift; path = EditProjectVM.swift; sourceTree = "<group>"; };
		6E033FC427CE9D46001C53F2 /* Award.swift */ = {isa = PBXFileReference; lastKnownFileType = sourcecode.swift; path = Award.swift; sourceTree = "<group>"; };
		6E033FC627CE9F4B001C53F2 /* AwardsVM.swift */ = {isa = PBXFileReference; lastKnownFileType = sourcecode.swift; path = AwardsVM.swift; sourceTree = "<group>"; };
		6E033FD727CF8AD2001C53F2 /* en */ = {isa = PBXFileReference; lastKnownFileType = text.plist.strings; name = en; path = en.lproj/Localizable.strings; sourceTree = "<group>"; };
		6E033FDA27CF8AD5001C53F2 /* en */ = {isa = PBXFileReference; lastKnownFileType = text.plist.stringsdict; name = en; path = en.lproj/Localizable.stringsdict; sourceTree = "<group>"; };
		6E033FDE27CF8C30001C53F2 /* hu */ = {isa = PBXFileReference; lastKnownFileType = text.plist.strings; name = hu; path = hu.lproj/Localizable.strings; sourceTree = "<group>"; };
		6E033FDF27CF8C30001C53F2 /* hu */ = {isa = PBXFileReference; lastKnownFileType = text.plist.stringsdict; name = hu; path = hu.lproj/Localizable.stringsdict; sourceTree = "<group>"; };
		6E033FE827CF8DAA001C53F2 /* en */ = {isa = PBXFileReference; lastKnownFileType = text.json; name = en; path = en.lproj/Awards.json; sourceTree = "<group>"; };
		6E033FEA27CF8DB4001C53F2 /* hu */ = {isa = PBXFileReference; lastKnownFileType = text.json; name = hu; path = hu.lproj/Awards.json; sourceTree = "<group>"; };
		6E033FED27CFAEBD001C53F2 /* Strings.swift */ = {isa = PBXFileReference; lastKnownFileType = sourcecode.swift; path = Strings.swift; sourceTree = "<group>"; };
		6E219EFA27DFB58D00B50906 /* model-previews.swift */ = {isa = PBXFileReference; lastKnownFileType = sourcecode.swift; path = "model-previews.swift"; sourceTree = "<group>"; };
		6E219EFC27DFB59400B50906 /* controller-previews.swift */ = {isa = PBXFileReference; lastKnownFileType = sourcecode.swift; path = "controller-previews.swift"; sourceTree = "<group>"; };
		6E63524A27D38B35004F5A1F /* PortfolioTests.xctest */ = {isa = PBXFileReference; explicitFileType = wrapper.cfbundle; includeInIndex = 0; path = PortfolioTests.xctest; sourceTree = BUILT_PRODUCTS_DIR; };
		6E63524C27D38B35004F5A1F /* PortfolioTests.swift */ = {isa = PBXFileReference; lastKnownFileType = sourcecode.swift; path = PortfolioTests.swift; sourceTree = "<group>"; };
		6E63525327D38E97004F5A1F /* AssetTests.swift */ = {isa = PBXFileReference; lastKnownFileType = sourcecode.swift; path = AssetTests.swift; sourceTree = "<group>"; };
		6E63525527D3906F004F5A1F /* model-previews.swift */ = {isa = PBXFileReference; lastKnownFileType = sourcecode.swift; path = "model-previews.swift"; sourceTree = "<group>"; };
		6E63525727D391F3004F5A1F /* controller-previews.swift */ = {isa = PBXFileReference; lastKnownFileType = sourcecode.swift; path = "controller-previews.swift"; sourceTree = "<group>"; };
		6E63525927D39FB0004F5A1F /* ProjectTests.swift */ = {isa = PBXFileReference; lastKnownFileType = sourcecode.swift; path = ProjectTests.swift; sourceTree = "<group>"; };
		6E63525B27D3A2CC004F5A1F /* AwardsTests.swift */ = {isa = PBXFileReference; lastKnownFileType = sourcecode.swift; path = AwardsTests.swift; sourceTree = "<group>"; };
		6E63525F27D3C02C004F5A1F /* DevelopmentTests.swift */ = {isa = PBXFileReference; lastKnownFileType = sourcecode.swift; path = DevelopmentTests.swift; sourceTree = "<group>"; };
		6E63526127D3D0B2004F5A1F /* PerformanceTests.swift */ = {isa = PBXFileReference; lastKnownFileType = sourcecode.swift; path = PerformanceTests.swift; sourceTree = "<group>"; };
		6E63526727D3D4B6004F5A1F /* PortfolioUITests.xctest */ = {isa = PBXFileReference; explicitFileType = wrapper.cfbundle; includeInIndex = 0; path = PortfolioUITests.xctest; sourceTree = BUILT_PRODUCTS_DIR; };
		6E63526927D3D4B6004F5A1F /* PortfolioUITests.swift */ = {isa = PBXFileReference; lastKnownFileType = sourcecode.swift; path = PortfolioUITests.swift; sourceTree = "<group>"; };
		6E63527427D3E99E004F5A1F /* ItemListView.swift */ = {isa = PBXFileReference; lastKnownFileType = sourcecode.swift; path = ItemListView.swift; sourceTree = "<group>"; };
		6E63527727D3F2CC004F5A1F /* AppState.swift */ = {isa = PBXFileReference; lastKnownFileType = sourcecode.swift; path = AppState.swift; sourceTree = "<group>"; };
		6E89B42327D755CC005C3EA4 /* QAController.swift */ = {isa = PBXFileReference; lastKnownFileType = sourcecode.swift; path = QAController.swift; sourceTree = "<group>"; };
		6E89B42727D7712F005C3EA4 /* NotificationController.swift */ = {isa = PBXFileReference; lastKnownFileType = sourcecode.swift; path = NotificationController.swift; sourceTree = "<group>"; };
		6E89B42927D79D15005C3EA4 /* IAPController.swift */ = {isa = PBXFileReference; lastKnownFileType = sourcecode.swift; path = IAPController.swift; sourceTree = "<group>"; };
		6E89B42B27D79F12005C3EA4 /* config.storekit */ = {isa = PBXFileReference; lastKnownFileType = text; path = config.storekit; sourceTree = "<group>"; };
		6E89B42E27D7A61F005C3EA4 /* ProductView.swift */ = {isa = PBXFileReference; lastKnownFileType = sourcecode.swift; path = ProductView.swift; sourceTree = "<group>"; };
		6E89B43427D7AD58005C3EA4 /* UnlockView.swift */ = {isa = PBXFileReference; lastKnownFileType = sourcecode.swift; path = UnlockView.swift; sourceTree = "<group>"; };
		6E89B43B27DF7AD7005C3EA4 /* en */ = {isa = PBXFileReference; lastKnownFileType = text.plist.strings; name = en; path = en.lproj/InfoPlist.strings; sourceTree = "<group>"; };
		6E89B43D27DF7ADA005C3EA4 /* hu */ = {isa = PBXFileReference; lastKnownFileType = text.plist.strings; name = hu; path = hu.lproj/InfoPlist.strings; sourceTree = "<group>"; };
		6E89B44427DFA208005C3EA4 /* PortfolioWidgetExtension.appex */ = {isa = PBXFileReference; explicitFileType = "wrapper.app-extension"; includeInIndex = 0; path = PortfolioWidgetExtension.appex; sourceTree = BUILT_PRODUCTS_DIR; };
		6E89B44527DFA208005C3EA4 /* WidgetKit.framework */ = {isa = PBXFileReference; lastKnownFileType = wrapper.framework; name = WidgetKit.framework; path = System/Library/Frameworks/WidgetKit.framework; sourceTree = SDKROOT; };
		6E89B44727DFA208005C3EA4 /* SwiftUI.framework */ = {isa = PBXFileReference; lastKnownFileType = wrapper.framework; name = SwiftUI.framework; path = System/Library/Frameworks/SwiftUI.framework; sourceTree = SDKROOT; };
		6E89B44A27DFA208005C3EA4 /* SimpleWidget.swift */ = {isa = PBXFileReference; lastKnownFileType = sourcecode.swift; path = SimpleWidget.swift; sourceTree = "<group>"; };
		6E89B44C27DFA209005C3EA4 /* Assets.xcassets */ = {isa = PBXFileReference; lastKnownFileType = folder.assetcatalog; path = Assets.xcassets; sourceTree = "<group>"; };
		6E89B44E27DFA209005C3EA4 /* Info.plist */ = {isa = PBXFileReference; lastKnownFileType = text.plist.xml; path = Info.plist; sourceTree = "<group>"; };
		6E89B45D27DFA669005C3EA4 /* PortfolioWidgetExtension.entitlements */ = {isa = PBXFileReference; lastKnownFileType = text.plist.entitlements; path = PortfolioWidgetExtension.entitlements; sourceTree = "<group>"; };
		6E89B45F27DFA8F9005C3EA4 /* WidgetController.swift */ = {isa = PBXFileReference; lastKnownFileType = sourcecode.swift; path = WidgetController.swift; sourceTree = "<group>"; };
		6EC5A0C927D23B1B008FE43B /* ProjectsView.swift */ = {isa = PBXFileReference; lastKnownFileType = sourcecode.swift; path = ProjectsView.swift; sourceTree = "<group>"; };
		6EC5A0CC27D242B2008FE43B /* MyPackage */ = {isa = PBXFileReference; lastKnownFileType = wrapper; name = MyPackage; path = ../../MyPackage; sourceTree = "<group>"; };
		6EC5A0CF27D24D34008FE43B /* HomeView.swift */ = {isa = PBXFileReference; lastKnownFileType = sourcecode.swift; path = HomeView.swift; sourceTree = "<group>"; };
		6EC5A0D227D26950008FE43B /* AwardsView.swift */ = {isa = PBXFileReference; lastKnownFileType = sourcecode.swift; path = AwardsView.swift; sourceTree = "<group>"; };
		6EC5A0D427D269FC008FE43B /* AwardView.swift */ = {isa = PBXFileReference; lastKnownFileType = sourcecode.swift; path = AwardView.swift; sourceTree = "<group>"; };
		6EC5A0D927D277FA008FE43B /* EditItemView.swift */ = {isa = PBXFileReference; lastKnownFileType = sourcecode.swift; path = EditItemView.swift; sourceTree = "<group>"; };
		6EC5A0DB27D279A4008FE43B /* EditProjectView.swift */ = {isa = PBXFileReference; lastKnownFileType = sourcecode.swift; path = EditProjectView.swift; sourceTree = "<group>"; };
		6EED86F527E8F8EB003147C9 /* PortfolioWidgets.swift */ = {isa = PBXFileReference; lastKnownFileType = sourcecode.swift; path = PortfolioWidgets.swift; sourceTree = "<group>"; };
		6EF937D827D1411600B9CFC6 /* PeekItemListView.swift */ = {isa = PBXFileReference; lastKnownFileType = sourcecode.swift; path = PeekItemListView.swift; sourceTree = "<group>"; };
		6EF937DA27D1424500B9CFC6 /* ProjectSummaryView.swift */ = {isa = PBXFileReference; lastKnownFileType = sourcecode.swift; path = ProjectSummaryView.swift; sourceTree = "<group>"; };
		6EF937DC27D1433900B9CFC6 /* misc.swift */ = {isa = PBXFileReference; lastKnownFileType = sourcecode.swift; path = misc.swift; sourceTree = "<group>"; };
		6EF937EB27D2282200B9CFC6 /* .swiftlint.yml */ = {isa = PBXFileReference; fileEncoding = 4; lastKnownFileType = text.yaml; path = .swiftlint.yml; sourceTree = SOURCE_ROOT; };
		8A7A135527E9E6F2003A81B3 /* Items-Timeline.swift */ = {isa = PBXFileReference; lastKnownFileType = sourcecode.swift; path = "Items-Timeline.swift"; sourceTree = "<group>"; };
		8A7A135727E9E76D003A81B3 /* SimpleWidget-EntryView.swift */ = {isa = PBXFileReference; lastKnownFileType = sourcecode.swift; path = "SimpleWidget-EntryView.swift"; sourceTree = "<group>"; };
		8A7A135D27E9EAF7003A81B3 /* ComplexWidget.swift */ = {isa = PBXFileReference; lastKnownFileType = sourcecode.swift; path = ComplexWidget.swift; sourceTree = "<group>"; };
		8A7A135F27E9EB1C003A81B3 /* ComplexWidget-EntryView.swift */ = {isa = PBXFileReference; lastKnownFileType = sourcecode.swift; path = "ComplexWidget-EntryView.swift"; sourceTree = "<group>"; };
/* End PBXFileReference section */

/* Begin PBXFrameworksBuildPhase section */
		6E033F8127CE20DD001C53F2 /* Frameworks */ = {
			isa = PBXFrameworksBuildPhase;
			buildActionMask = 2147483647;
			files = (
				6E033FA127CE2BA2001C53F2 /* CloudKit.framework in Frameworks */,
				6EC5A0CE27D242BB008FE43B /* MyPackage in Frameworks */,
			);
			runOnlyForDeploymentPostprocessing = 0;
		};
		6E63524727D38B35004F5A1F /* Frameworks */ = {
			isa = PBXFrameworksBuildPhase;
			buildActionMask = 2147483647;
			files = (
			);
			runOnlyForDeploymentPostprocessing = 0;
		};
		6E63526427D3D4B6004F5A1F /* Frameworks */ = {
			isa = PBXFrameworksBuildPhase;
			buildActionMask = 2147483647;
			files = (
			);
			runOnlyForDeploymentPostprocessing = 0;
		};
		6E89B44127DFA208005C3EA4 /* Frameworks */ = {
			isa = PBXFrameworksBuildPhase;
			buildActionMask = 2147483647;
			files = (
				6E89B45C27DFA5A1005C3EA4 /* MyPackage in Frameworks */,
				6E89B44827DFA208005C3EA4 /* SwiftUI.framework in Frameworks */,
				6E89B44627DFA208005C3EA4 /* WidgetKit.framework in Frameworks */,
			);
			runOnlyForDeploymentPostprocessing = 0;
		};
/* End PBXFrameworksBuildPhase section */

/* Begin PBXGroup section */
		6E033F7B27CE20DD001C53F2 = {
			isa = PBXGroup;
			children = (
				6EC5A0CB27D242B2008FE43B /* Packages */,
				6E033F8627CE20DD001C53F2 /* Portfolio */,
				6E89B44927DFA208005C3EA4 /* PortfolioWidget */,
				6E63524B27D38B35004F5A1F /* PortfolioTests */,
				6E63526827D3D4B6004F5A1F /* PortfolioUITests */,
				6E033F8527CE20DD001C53F2 /* Products */,
				6E033F9F27CE2BA2001C53F2 /* Frameworks */,
			);
			sourceTree = "<group>";
		};
		6E033F8527CE20DD001C53F2 /* Products */ = {
			isa = PBXGroup;
			children = (
				6E033F8427CE20DD001C53F2 /* Portfolio.app */,
				6E63524A27D38B35004F5A1F /* PortfolioTests.xctest */,
				6E63526727D3D4B6004F5A1F /* PortfolioUITests.xctest */,
				6E89B44427DFA208005C3EA4 /* PortfolioWidgetExtension.appex */,
			);
			name = Products;
			sourceTree = "<group>";
		};
		6E033F8627CE20DD001C53F2 /* Portfolio */ = {
			isa = PBXGroup;
			children = (
				6E033F8727CE20DD001C53F2 /* PortfolioApp.swift */,
				6E033F9627CE2167001C53F2 /* model */,
				6E63527627D3F2C0004F5A1F /* controller */,
				6E033FA427CE2C3A001C53F2 /* view */,
				6E033F9527CE210C001C53F2 /* resources */,
			);
			path = Portfolio;
			sourceTree = "<group>";
		};
		6E033F9527CE210C001C53F2 /* resources */ = {
			isa = PBXGroup;
			children = (
				6E033FD127CF7E0F001C53F2 /* locale */,
				6E033FCF27CF7DE3001C53F2 /* assets */,
				6E033FD027CF7DF2001C53F2 /* config */,
				6E033FCA27CEA404001C53F2 /* previews */,
			);
			path = resources;
			sourceTree = "<group>";
		};
		6E033F9627CE2167001C53F2 /* model */ = {
			isa = PBXGroup;
			children = (
				6E033F9927CE219E001C53F2 /* Main.xcdatamodeld */,
				6E033FA927CE4918001C53F2 /* Item.swift */,
				6E033FAB27CE491C001C53F2 /* Project.swift */,
				6E033FC427CE9D46001C53F2 /* Award.swift */,
			);
			path = model;
			sourceTree = "<group>";
		};
		6E033F9F27CE2BA2001C53F2 /* Frameworks */ = {
			isa = PBXGroup;
			children = (
				6E033FA027CE2BA2001C53F2 /* CloudKit.framework */,
				6E89B44527DFA208005C3EA4 /* WidgetKit.framework */,
				6E89B44727DFA208005C3EA4 /* SwiftUI.framework */,
			);
			name = Frameworks;
			sourceTree = "<group>";
		};
		6E033FA427CE2C3A001C53F2 /* view */ = {
			isa = PBXGroup;
			children = (
				6E033FA727CE320F001C53F2 /* ContentView.swift */,
				6EC5A0C627D23A88008FE43B /* home */,
				6EC5A0C727D23AA0008FE43B /* projects */,
				6EC5A0C827D23AAC008FE43B /* awards */,
				6EF937DC27D1433900B9CFC6 /* misc.swift */,
			);
			path = view;
			sourceTree = "<group>";
		};
		6E033FCA27CEA404001C53F2 /* previews */ = {
			isa = PBXGroup;
			children = (
				6E63525527D3906F004F5A1F /* model-previews.swift */,
				6E63525727D391F3004F5A1F /* controller-previews.swift */,
			);
			path = previews;
			sourceTree = "<group>";
		};
		6E033FCF27CF7DE3001C53F2 /* assets */ = {
			isa = PBXGroup;
			children = (
				6E033FE727CF8DAA001C53F2 /* Awards.json */,
				6E033F8B27CE20DE001C53F2 /* Assets.xcassets */,
				6E033FB627CE645D001C53F2 /* Colors.xcassets */,
			);
			path = assets;
			sourceTree = "<group>";
		};
		6E033FD027CF7DF2001C53F2 /* config */ = {
			isa = PBXGroup;
			children = (
				6E033FA227CE2BB3001C53F2 /* Info.plist */,
				6E033F9E27CE28F2001C53F2 /* Portfolio.entitlements */,
				6EF937EB27D2282200B9CFC6 /* .swiftlint.yml */,
				6E89B42B27D79F12005C3EA4 /* config.storekit */,
			);
			path = config;
			sourceTree = "<group>";
		};
		6E033FD127CF7E0F001C53F2 /* locale */ = {
			isa = PBXGroup;
			children = (
				6E033FD827CF8AD2001C53F2 /* Localizable.strings */,
				6E033FDB27CF8AD5001C53F2 /* Localizable.stringsdict */,
				6E89B43C27DF7AD7005C3EA4 /* InfoPlist.strings */,
				6E033FED27CFAEBD001C53F2 /* Strings.swift */,
			);
			path = locale;
			sourceTree = "<group>";
		};
		6E63524B27D38B35004F5A1F /* PortfolioTests */ = {
			isa = PBXGroup;
			children = (
				6E63524C27D38B35004F5A1F /* PortfolioTests.swift */,
				6E63525327D38E97004F5A1F /* AssetTests.swift */,
				6E63526127D3D0B2004F5A1F /* PerformanceTests.swift */,
				6E63525927D39FB0004F5A1F /* ProjectTests.swift */,
				6E63525B27D3A2CC004F5A1F /* AwardsTests.swift */,
				6E63525F27D3C02C004F5A1F /* DevelopmentTests.swift */,
			);
			path = PortfolioTests;
			sourceTree = "<group>";
		};
		6E63526827D3D4B6004F5A1F /* PortfolioUITests */ = {
			isa = PBXGroup;
			children = (
				6E63526927D3D4B6004F5A1F /* PortfolioUITests.swift */,
			);
			path = PortfolioUITests;
			sourceTree = "<group>";
		};
		6E63527627D3F2C0004F5A1F /* controller */ = {
			isa = PBXGroup;
			children = (
				6E63527727D3F2CC004F5A1F /* AppState.swift */,
				6E033F9C27CE23D9001C53F2 /* DataController.swift */,
				6E89B42727D7712F005C3EA4 /* NotificationController.swift */,
				6E89B42327D755CC005C3EA4 /* QAController.swift */,
				6E89B45F27DFA8F9005C3EA4 /* WidgetController.swift */,
				6E89B42927D79D15005C3EA4 /* IAPController.swift */,
			);
			path = controller;
			sourceTree = "<group>";
		};
		6E89B42227D625E8005C3EA4 /* editing projects */ = {
			isa = PBXGroup;
			children = (
				6EC5A0DB27D279A4008FE43B /* EditProjectView.swift */,
				6E033FB827CE64CC001C53F2 /* EditProjectVM.swift */,
			);
			path = "editing projects";
			sourceTree = "<group>";
		};
		6E89B43627D7AEA5005C3EA4 /* unlocking */ = {
			isa = PBXGroup;
			children = (
				6E89B43427D7AD58005C3EA4 /* UnlockView.swift */,
				6E89B43727D7AEB2005C3EA4 /* blocks */,
			);
			path = unlocking;
			sourceTree = "<group>";
		};
		6E89B43727D7AEB2005C3EA4 /* blocks */ = {
			isa = PBXGroup;
			children = (
				6E89B42E27D7A61F005C3EA4 /* ProductView.swift */,
			);
			path = blocks;
			sourceTree = "<group>";
		};
		6E89B44927DFA208005C3EA4 /* PortfolioWidget */ = {
			isa = PBXGroup;
			children = (
				6EED86F527E8F8EB003147C9 /* PortfolioWidgets.swift */,
				8A7A135527E9E6F2003A81B3 /* Items-Timeline.swift */,
				8A7A135427E9E6CF003A81B3 /* simple */,
				8A7A135C27E9EACC003A81B3 /* complex */,
				6E89B45E27DFA773005C3EA4 /* resources */,
			);
			path = PortfolioWidget;
			sourceTree = "<group>";
		};
		6E89B45E27DFA773005C3EA4 /* resources */ = {
			isa = PBXGroup;
			children = (
				6E89B45D27DFA669005C3EA4 /* PortfolioWidgetExtension.entitlements */,
				6E89B44C27DFA209005C3EA4 /* Assets.xcassets */,
				6E89B44E27DFA209005C3EA4 /* Info.plist */,
				6E89B46427DFB554005C3EA4 /* previews */,
			);
			path = resources;
			sourceTree = "<group>";
		};
		6E89B46427DFB554005C3EA4 /* previews */ = {
			isa = PBXGroup;
			children = (
				6E219EFA27DFB58D00B50906 /* model-previews.swift */,
				6E219EFC27DFB59400B50906 /* controller-previews.swift */,
			);
			path = previews;
			sourceTree = "<group>";
		};
		6EC5A0C627D23A88008FE43B /* home */ = {
			isa = PBXGroup;
			children = (
				6EC5A0CF27D24D34008FE43B /* HomeView.swift */,
				6E033F8927CE20DD001C53F2 /* HomeVM.swift */,
				6EC5A0D627D26F5F008FE43B /* blocks */,
			);
			path = home;
			sourceTree = "<group>";
		};
		6EC5A0C727D23AA0008FE43B /* projects */ = {
			isa = PBXGroup;
			children = (
				6EC5A0C927D23B1B008FE43B /* ProjectsView.swift */,
				6E033FA527CE2EFB001C53F2 /* ProjectsVM.swift */,
				6E89B43627D7AEA5005C3EA4 /* unlocking */,
				6E89B42227D625E8005C3EA4 /* editing projects */,
				6EC5A0DD27D2853A008FE43B /* editing items */,
				6EC5A0D727D26F65008FE43B /* blocks */,
			);
			path = projects;
			sourceTree = "<group>";
		};
		6EC5A0C827D23AAC008FE43B /* awards */ = {
			isa = PBXGroup;
			children = (
				6EC5A0D227D26950008FE43B /* AwardsView.swift */,
				6E033FC627CE9F4B001C53F2 /* AwardsVM.swift */,
				6EC5A0D827D26FDE008FE43B /* blocks */,
			);
			path = awards;
			sourceTree = "<group>";
		};
		6EC5A0CB27D242B2008FE43B /* Packages */ = {
			isa = PBXGroup;
			children = (
				6EC5A0CC27D242B2008FE43B /* MyPackage */,
			);
			name = Packages;
			sourceTree = "<group>";
		};
		6EC5A0D627D26F5F008FE43B /* blocks */ = {
			isa = PBXGroup;
			children = (
				6EF937DA27D1424500B9CFC6 /* ProjectSummaryView.swift */,
				6EF937D827D1411600B9CFC6 /* PeekItemListView.swift */,
			);
			path = blocks;
			sourceTree = "<group>";
		};
		6EC5A0D727D26F65008FE43B /* blocks */ = {
			isa = PBXGroup;
			children = (
				6E033FB427CE6125001C53F2 /* ProjectHeaderView.swift */,
				6E63527427D3E99E004F5A1F /* ItemListView.swift */,
			);
			path = blocks;
			sourceTree = "<group>";
		};
		6EC5A0D827D26FDE008FE43B /* blocks */ = {
			isa = PBXGroup;
			children = (
				6EC5A0D427D269FC008FE43B /* AwardView.swift */,
			);
			path = blocks;
			sourceTree = "<group>";
		};
		6EC5A0DD27D2853A008FE43B /* editing items */ = {
			isa = PBXGroup;
			children = (
				6EC5A0D927D277FA008FE43B /* EditItemView.swift */,
				6E033FAD27CE5925001C53F2 /* EditItemVM.swift */,
			);
			path = "editing items";
			sourceTree = "<group>";
		};
		8A7A135427E9E6CF003A81B3 /* simple */ = {
			isa = PBXGroup;
			children = (
				6E89B44A27DFA208005C3EA4 /* SimpleWidget.swift */,
				8A7A135727E9E76D003A81B3 /* SimpleWidget-EntryView.swift */,
			);
			path = simple;
			sourceTree = "<group>";
		};
		8A7A135C27E9EACC003A81B3 /* complex */ = {
			isa = PBXGroup;
			children = (
				8A7A135D27E9EAF7003A81B3 /* ComplexWidget.swift */,
				8A7A135F27E9EB1C003A81B3 /* ComplexWidget-EntryView.swift */,
			);
			path = complex;
			sourceTree = "<group>";
		};
/* End PBXGroup section */

/* Begin PBXNativeTarget section */
		6E033F8327CE20DD001C53F2 /* Portfolio */ = {
			isa = PBXNativeTarget;
			buildConfigurationList = 6E033F9227CE20DE001C53F2 /* Build configuration list for PBXNativeTarget "Portfolio" */;
			buildPhases = (
				6E033F8027CE20DD001C53F2 /* Sources */,
				6EF937E327D21FF500B9CFC6 /* ShellScript */,
				6E033F8127CE20DD001C53F2 /* Frameworks */,
				6E033F8227CE20DD001C53F2 /* Resources */,
				6E89B45227DFA209005C3EA4 /* Embed App Extensions */,
			);
			buildRules = (
			);
			dependencies = (
				6E89B45027DFA209005C3EA4 /* PBXTargetDependency */,
			);
			name = Portfolio;
			packageProductDependencies = (
				6EC5A0CD27D242BB008FE43B /* MyPackage */,
			);
			productName = Portfolio;
			productReference = 6E033F8427CE20DD001C53F2 /* Portfolio.app */;
			productType = "com.apple.product-type.application";
		};
		6E63524927D38B35004F5A1F /* PortfolioTests */ = {
			isa = PBXNativeTarget;
			buildConfigurationList = 6E63525227D38B35004F5A1F /* Build configuration list for PBXNativeTarget "PortfolioTests" */;
			buildPhases = (
				6E63524627D38B35004F5A1F /* Sources */,
				6E63524727D38B35004F5A1F /* Frameworks */,
				6E63524827D38B35004F5A1F /* Resources */,
			);
			buildRules = (
			);
			dependencies = (
				6E63524F27D38B35004F5A1F /* PBXTargetDependency */,
			);
			name = PortfolioTests;
			productName = PortfolioTests;
			productReference = 6E63524A27D38B35004F5A1F /* PortfolioTests.xctest */;
			productType = "com.apple.product-type.bundle.unit-test";
		};
		6E63526627D3D4B6004F5A1F /* PortfolioUITests */ = {
			isa = PBXNativeTarget;
			buildConfigurationList = 6E63526F27D3D4B6004F5A1F /* Build configuration list for PBXNativeTarget "PortfolioUITests" */;
			buildPhases = (
				6E63526327D3D4B6004F5A1F /* Sources */,
				6E63526427D3D4B6004F5A1F /* Frameworks */,
				6E63526527D3D4B6004F5A1F /* Resources */,
			);
			buildRules = (
			);
			dependencies = (
				6E63526E27D3D4B6004F5A1F /* PBXTargetDependency */,
			);
			name = PortfolioUITests;
			productName = PortfolioUITests;
			productReference = 6E63526727D3D4B6004F5A1F /* PortfolioUITests.xctest */;
			productType = "com.apple.product-type.bundle.ui-testing";
		};
		6E89B44327DFA208005C3EA4 /* PortfolioWidgetExtension */ = {
			isa = PBXNativeTarget;
			buildConfigurationList = 6E89B45527DFA209005C3EA4 /* Build configuration list for PBXNativeTarget "PortfolioWidgetExtension" */;
			buildPhases = (
				6E89B44027DFA208005C3EA4 /* Sources */,
				6E89B44127DFA208005C3EA4 /* Frameworks */,
				6E89B44227DFA208005C3EA4 /* Resources */,
			);
			buildRules = (
			);
			dependencies = (
			);
			name = PortfolioWidgetExtension;
			packageProductDependencies = (
				6E89B45B27DFA5A1005C3EA4 /* MyPackage */,
			);
			productName = PortfolioWidgetExtension;
			productReference = 6E89B44427DFA208005C3EA4 /* PortfolioWidgetExtension.appex */;
			productType = "com.apple.product-type.app-extension";
		};
/* End PBXNativeTarget section */

/* Begin PBXProject section */
		6E033F7C27CE20DD001C53F2 /* Project object */ = {
			isa = PBXProject;
			attributes = {
				BuildIndependentTargetsInParallel = 1;
				LastSwiftUpdateCheck = 1320;
				LastUpgradeCheck = 1320;
				TargetAttributes = {
					6E033F8327CE20DD001C53F2 = {
						CreatedOnToolsVersion = 13.2.1;
					};
					6E63524927D38B35004F5A1F = {
						CreatedOnToolsVersion = 13.2.1;
						TestTargetID = 6E033F8327CE20DD001C53F2;
					};
					6E63526627D3D4B6004F5A1F = {
						CreatedOnToolsVersion = 13.2.1;
						TestTargetID = 6E033F8327CE20DD001C53F2;
					};
					6E89B44327DFA208005C3EA4 = {
						CreatedOnToolsVersion = 13.2.1;
					};
				};
			};
			buildConfigurationList = 6E033F7F27CE20DD001C53F2 /* Build configuration list for PBXProject "Portfolio" */;
			compatibilityVersion = "Xcode 13.0";
			developmentRegion = en;
			hasScannedForEncodings = 0;
			knownRegions = (
				en,
				Base,
				hu,
			);
			mainGroup = 6E033F7B27CE20DD001C53F2;
			productRefGroup = 6E033F8527CE20DD001C53F2 /* Products */;
			projectDirPath = "";
			projectRoot = "";
			targets = (
				6E033F8327CE20DD001C53F2 /* Portfolio */,
				6E63524927D38B35004F5A1F /* PortfolioTests */,
				6E63526627D3D4B6004F5A1F /* PortfolioUITests */,
				6E89B44327DFA208005C3EA4 /* PortfolioWidgetExtension */,
			);
		};
/* End PBXProject section */

/* Begin PBXResourcesBuildPhase section */
		6E033F8227CE20DD001C53F2 /* Resources */ = {
			isa = PBXResourcesBuildPhase;
			buildActionMask = 2147483647;
			files = (
				6EF937EC27D2282200B9CFC6 /* .swiftlint.yml in Resources */,
				6E89B43A27DF7AD7005C3EA4 /* InfoPlist.strings in Resources */,
				6E033F8C27CE20DE001C53F2 /* Assets.xcassets in Resources */,
				6E033FE927CF8DAA001C53F2 /* Awards.json in Resources */,
				6E033FD627CF8AD2001C53F2 /* Localizable.strings in Resources */,
				6E033FD927CF8AD5001C53F2 /* Localizable.stringsdict in Resources */,
				6E033FB727CE645D001C53F2 /* Colors.xcassets in Resources */,
			);
			runOnlyForDeploymentPostprocessing = 0;
		};
		6E63524827D38B35004F5A1F /* Resources */ = {
			isa = PBXResourcesBuildPhase;
			buildActionMask = 2147483647;
			files = (
			);
			runOnlyForDeploymentPostprocessing = 0;
		};
		6E63526527D3D4B6004F5A1F /* Resources */ = {
			isa = PBXResourcesBuildPhase;
			buildActionMask = 2147483647;
			files = (
			);
			runOnlyForDeploymentPostprocessing = 0;
		};
		6E89B44227DFA208005C3EA4 /* Resources */ = {
			isa = PBXResourcesBuildPhase;
			buildActionMask = 2147483647;
			files = (
				8A7A135A27E9E9AF003A81B3 /* Colors.xcassets in Resources */,
				6E89B44D27DFA209005C3EA4 /* Assets.xcassets in Resources */,
				6EED86F427E8F885003147C9 /* Localizable.strings in Resources */,
			);
			runOnlyForDeploymentPostprocessing = 0;
		};
/* End PBXResourcesBuildPhase section */

/* Begin PBXShellScriptBuildPhase section */
		6EF937E327D21FF500B9CFC6 /* ShellScript */ = {
			isa = PBXShellScriptBuildPhase;
			buildActionMask = 2147483647;
			files = (
			);
			inputFileListPaths = (
			);
			inputPaths = (
			);
			outputFileListPaths = (
			);
			outputPaths = (
			);
			runOnlyForDeploymentPostprocessing = 0;
			shellPath = /bin/sh;
			shellScript = "# Type a script or drag a script file from your workspace to insert its path.\nexport PATH=\"$PATH:/opt/homebrew/bin\"\n\nif which swiftlint >/dev/null; then\n  swiftlint\nelse\n  echo \"warning: SwiftLint not installed, download from https://github.com/realm/SwiftLint\"\nfi\n";
		};
/* End PBXShellScriptBuildPhase section */

/* Begin PBXSourcesBuildPhase section */
		6E033F8027CE20DD001C53F2 /* Sources */ = {
			isa = PBXSourcesBuildPhase;
			buildActionMask = 2147483647;
			files = (
				6E89B42827D7712F005C3EA4 /* NotificationController.swift in Sources */,
				6E033FEE27CFAEBD001C53F2 /* Strings.swift in Sources */,
				6E033FA627CE2EFB001C53F2 /* ProjectsVM.swift in Sources */,
				6E033FC527CE9D46001C53F2 /* Award.swift in Sources */,
				6E89B42A27D79D15005C3EA4 /* IAPController.swift in Sources */,
				6E89B42F27D7A61F005C3EA4 /* ProductView.swift in Sources */,
				6E033FB527CE6125001C53F2 /* ProjectHeaderView.swift in Sources */,
				6E89B42427D755CC005C3EA4 /* QAController.swift in Sources */,
				6EF937DD27D1433900B9CFC6 /* misc.swift in Sources */,
				6E033F8A27CE20DD001C53F2 /* HomeVM.swift in Sources */,
				6E033FC727CE9F4B001C53F2 /* AwardsVM.swift in Sources */,
				6EC5A0DC27D279A4008FE43B /* EditProjectView.swift in Sources */,
				6E63525627D3906F004F5A1F /* model-previews.swift in Sources */,
				6EC5A0D027D24D34008FE43B /* HomeView.swift in Sources */,
				6E033FA827CE320F001C53F2 /* ContentView.swift in Sources */,
				6E63525827D391F3004F5A1F /* controller-previews.swift in Sources */,
				6E033FB927CE64CC001C53F2 /* EditProjectVM.swift in Sources */,
				6E033F9D27CE23D9001C53F2 /* DataController.swift in Sources */,
				6EC5A0D327D26950008FE43B /* AwardsView.swift in Sources */,
				6E033FAA27CE4918001C53F2 /* Item.swift in Sources */,
				6E033F8827CE20DD001C53F2 /* PortfolioApp.swift in Sources */,
				6E033F9B27CE219E001C53F2 /* Main.xcdatamodeld in Sources */,
				6EF937D927D1411600B9CFC6 /* PeekItemListView.swift in Sources */,
				6E63527527D3E99E004F5A1F /* ItemListView.swift in Sources */,
				6EC5A0DA27D277FA008FE43B /* EditItemView.swift in Sources */,
				6E033FAC27CE491C001C53F2 /* Project.swift in Sources */,
				6EF937DB27D1424500B9CFC6 /* ProjectSummaryView.swift in Sources */,
				6E63527827D3F2CC004F5A1F /* AppState.swift in Sources */,
				6EC5A0CA27D23B1B008FE43B /* ProjectsView.swift in Sources */,
				6E89B46027DFA8F9005C3EA4 /* WidgetController.swift in Sources */,
				6E033FAE27CE5925001C53F2 /* EditItemVM.swift in Sources */,
				6EC5A0D527D269FC008FE43B /* AwardView.swift in Sources */,
				6E89B43527D7AD58005C3EA4 /* UnlockView.swift in Sources */,
			);
			runOnlyForDeploymentPostprocessing = 0;
		};
		6E63524627D38B35004F5A1F /* Sources */ = {
			isa = PBXSourcesBuildPhase;
			buildActionMask = 2147483647;
			files = (
				6E63525427D38E97004F5A1F /* AssetTests.swift in Sources */,
				6E63525C27D3A2CC004F5A1F /* AwardsTests.swift in Sources */,
				6E63526227D3D0B2004F5A1F /* PerformanceTests.swift in Sources */,
				6E63524D27D38B35004F5A1F /* PortfolioTests.swift in Sources */,
				6E63525A27D39FB0004F5A1F /* ProjectTests.swift in Sources */,
				6E63526027D3C02C004F5A1F /* DevelopmentTests.swift in Sources */,
			);
			runOnlyForDeploymentPostprocessing = 0;
		};
		6E63526327D3D4B6004F5A1F /* Sources */ = {
			isa = PBXSourcesBuildPhase;
			buildActionMask = 2147483647;
			files = (
				6E63526A27D3D4B6004F5A1F /* PortfolioUITests.swift in Sources */,
			);
			runOnlyForDeploymentPostprocessing = 0;
		};
		6E89B44027DFA208005C3EA4 /* Sources */ = {
			isa = PBXSourcesBuildPhase;
			buildActionMask = 2147483647;
			files = (
				8A7A136027E9EB1C003A81B3 /* ComplexWidget-EntryView.swift in Sources */,
				6E89B45A27DFA409005C3EA4 /* DataController.swift in Sources */,
				6E219EFF27DFB5BB00B50906 /* model-previews.swift in Sources */,
				8A7A135E27E9EAF7003A81B3 /* ComplexWidget.swift in Sources */,
				6E89B45627DFA2D8005C3EA4 /* Item.swift in Sources */,
				6EED86F727EB86F5003147C9 /* Strings.swift in Sources */,
				6E89B44B27DFA208005C3EA4 /* SimpleWidget.swift in Sources */,
				6EED86F627E8F8EB003147C9 /* PortfolioWidgets.swift in Sources */,
				6E89B45727DFA2DB005C3EA4 /* Project.swift in Sources */,
				6EED86F827EB8952003147C9 /* misc.swift in Sources */,
				8A7A135627E9E6F2003A81B3 /* Items-Timeline.swift in Sources */,
				8A7A135827E9E76D003A81B3 /* SimpleWidget-EntryView.swift in Sources */,
				6E219EFE27DFB5B800B50906 /* controller-previews.swift in Sources */,
				6E89B45927DFA317005C3EA4 /* Main.xcdatamodeld in Sources */,
			);
			runOnlyForDeploymentPostprocessing = 0;
		};
/* End PBXSourcesBuildPhase section */

/* Begin PBXTargetDependency section */
		6E63524F27D38B35004F5A1F /* PBXTargetDependency */ = {
			isa = PBXTargetDependency;
			target = 6E033F8327CE20DD001C53F2 /* Portfolio */;
			targetProxy = 6E63524E27D38B35004F5A1F /* PBXContainerItemProxy */;
		};
		6E63526E27D3D4B6004F5A1F /* PBXTargetDependency */ = {
			isa = PBXTargetDependency;
			target = 6E033F8327CE20DD001C53F2 /* Portfolio */;
			targetProxy = 6E63526D27D3D4B6004F5A1F /* PBXContainerItemProxy */;
		};
		6E89B45027DFA209005C3EA4 /* PBXTargetDependency */ = {
			isa = PBXTargetDependency;
			target = 6E89B44327DFA208005C3EA4 /* PortfolioWidgetExtension */;
			targetProxy = 6E89B44F27DFA209005C3EA4 /* PBXContainerItemProxy */;
		};
/* End PBXTargetDependency section */

/* Begin PBXVariantGroup section */
		6E033FD827CF8AD2001C53F2 /* Localizable.strings */ = {
			isa = PBXVariantGroup;
			children = (
				6E033FD727CF8AD2001C53F2 /* en */,
				6E033FDE27CF8C30001C53F2 /* hu */,
			);
			name = Localizable.strings;
			sourceTree = "<group>";
		};
		6E033FDB27CF8AD5001C53F2 /* Localizable.stringsdict */ = {
			isa = PBXVariantGroup;
			children = (
				6E033FDA27CF8AD5001C53F2 /* en */,
				6E033FDF27CF8C30001C53F2 /* hu */,
			);
			name = Localizable.stringsdict;
			sourceTree = "<group>";
		};
		6E033FE727CF8DAA001C53F2 /* Awards.json */ = {
			isa = PBXVariantGroup;
			children = (
				6E033FE827CF8DAA001C53F2 /* en */,
				6E033FEA27CF8DB4001C53F2 /* hu */,
			);
			name = Awards.json;
			sourceTree = "<group>";
		};
		6E89B43C27DF7AD7005C3EA4 /* InfoPlist.strings */ = {
			isa = PBXVariantGroup;
			children = (
				6E89B43B27DF7AD7005C3EA4 /* en */,
				6E89B43D27DF7ADA005C3EA4 /* hu */,
			);
			name = InfoPlist.strings;
			sourceTree = "<group>";
		};
/* End PBXVariantGroup section */

/* Begin XCBuildConfiguration section */
		6E033F9027CE20DE001C53F2 /* Debug */ = {
			isa = XCBuildConfiguration;
			buildSettings = {
				ALWAYS_SEARCH_USER_PATHS = NO;
				CLANG_ANALYZER_LOCALIZABILITY_NONLOCALIZED = YES;
				CLANG_ANALYZER_NONNULL = YES;
				CLANG_ANALYZER_NUMBER_OBJECT_CONVERSION = YES_AGGRESSIVE;
				CLANG_CXX_LANGUAGE_STANDARD = "gnu++17";
				CLANG_CXX_LIBRARY = "libc++";
				CLANG_ENABLE_MODULES = YES;
				CLANG_ENABLE_OBJC_ARC = YES;
				CLANG_ENABLE_OBJC_WEAK = YES;
				CLANG_WARN_BLOCK_CAPTURE_AUTORELEASING = YES;
				CLANG_WARN_BOOL_CONVERSION = YES;
				CLANG_WARN_COMMA = YES;
				CLANG_WARN_CONSTANT_CONVERSION = YES;
				CLANG_WARN_DEPRECATED_OBJC_IMPLEMENTATIONS = YES;
				CLANG_WARN_DIRECT_OBJC_ISA_USAGE = YES_ERROR;
				CLANG_WARN_DOCUMENTATION_COMMENTS = YES;
				CLANG_WARN_EMPTY_BODY = YES;
				CLANG_WARN_ENUM_CONVERSION = YES;
				CLANG_WARN_INFINITE_RECURSION = YES;
				CLANG_WARN_INT_CONVERSION = YES;
				CLANG_WARN_NON_LITERAL_NULL_CONVERSION = YES;
				CLANG_WARN_OBJC_IMPLICIT_RETAIN_SELF = YES;
				CLANG_WARN_OBJC_LITERAL_CONVERSION = YES;
				CLANG_WARN_OBJC_ROOT_CLASS = YES_ERROR;
				CLANG_WARN_QUOTED_INCLUDE_IN_FRAMEWORK_HEADER = YES;
				CLANG_WARN_RANGE_LOOP_ANALYSIS = YES;
				CLANG_WARN_STRICT_PROTOTYPES = YES;
				CLANG_WARN_SUSPICIOUS_MOVE = YES;
				CLANG_WARN_UNGUARDED_AVAILABILITY = YES_AGGRESSIVE;
				CLANG_WARN_UNREACHABLE_CODE = YES;
				CLANG_WARN__DUPLICATE_METHOD_MATCH = YES;
				COPY_PHASE_STRIP = NO;
				DEBUG_INFORMATION_FORMAT = dwarf;
				ENABLE_STRICT_OBJC_MSGSEND = YES;
				ENABLE_TESTABILITY = YES;
				GCC_C_LANGUAGE_STANDARD = gnu11;
				GCC_DYNAMIC_NO_PIC = NO;
				GCC_NO_COMMON_BLOCKS = YES;
				GCC_OPTIMIZATION_LEVEL = 0;
				GCC_PREPROCESSOR_DEFINITIONS = (
					"DEBUG=1",
					"$(inherited)",
				);
				GCC_WARN_64_TO_32_BIT_CONVERSION = YES;
				GCC_WARN_ABOUT_RETURN_TYPE = YES_ERROR;
				GCC_WARN_UNDECLARED_SELECTOR = YES;
				GCC_WARN_UNINITIALIZED_AUTOS = YES_AGGRESSIVE;
				GCC_WARN_UNUSED_FUNCTION = YES;
				GCC_WARN_UNUSED_VARIABLE = YES;
				IPHONEOS_DEPLOYMENT_TARGET = 15.2;
				MTL_ENABLE_DEBUG_INFO = INCLUDE_SOURCE;
				MTL_FAST_MATH = YES;
				ONLY_ACTIVE_ARCH = YES;
				SDKROOT = iphoneos;
				SWIFT_ACTIVE_COMPILATION_CONDITIONS = DEBUG;
				SWIFT_OPTIMIZATION_LEVEL = "-Onone";
			};
			name = Debug;
		};
		6E033F9127CE20DE001C53F2 /* Release */ = {
			isa = XCBuildConfiguration;
			buildSettings = {
				ALWAYS_SEARCH_USER_PATHS = NO;
				CLANG_ANALYZER_LOCALIZABILITY_NONLOCALIZED = YES;
				CLANG_ANALYZER_NONNULL = YES;
				CLANG_ANALYZER_NUMBER_OBJECT_CONVERSION = YES_AGGRESSIVE;
				CLANG_CXX_LANGUAGE_STANDARD = "gnu++17";
				CLANG_CXX_LIBRARY = "libc++";
				CLANG_ENABLE_MODULES = YES;
				CLANG_ENABLE_OBJC_ARC = YES;
				CLANG_ENABLE_OBJC_WEAK = YES;
				CLANG_WARN_BLOCK_CAPTURE_AUTORELEASING = YES;
				CLANG_WARN_BOOL_CONVERSION = YES;
				CLANG_WARN_COMMA = YES;
				CLANG_WARN_CONSTANT_CONVERSION = YES;
				CLANG_WARN_DEPRECATED_OBJC_IMPLEMENTATIONS = YES;
				CLANG_WARN_DIRECT_OBJC_ISA_USAGE = YES_ERROR;
				CLANG_WARN_DOCUMENTATION_COMMENTS = YES;
				CLANG_WARN_EMPTY_BODY = YES;
				CLANG_WARN_ENUM_CONVERSION = YES;
				CLANG_WARN_INFINITE_RECURSION = YES;
				CLANG_WARN_INT_CONVERSION = YES;
				CLANG_WARN_NON_LITERAL_NULL_CONVERSION = YES;
				CLANG_WARN_OBJC_IMPLICIT_RETAIN_SELF = YES;
				CLANG_WARN_OBJC_LITERAL_CONVERSION = YES;
				CLANG_WARN_OBJC_ROOT_CLASS = YES_ERROR;
				CLANG_WARN_QUOTED_INCLUDE_IN_FRAMEWORK_HEADER = YES;
				CLANG_WARN_RANGE_LOOP_ANALYSIS = YES;
				CLANG_WARN_STRICT_PROTOTYPES = YES;
				CLANG_WARN_SUSPICIOUS_MOVE = YES;
				CLANG_WARN_UNGUARDED_AVAILABILITY = YES_AGGRESSIVE;
				CLANG_WARN_UNREACHABLE_CODE = YES;
				CLANG_WARN__DUPLICATE_METHOD_MATCH = YES;
				COPY_PHASE_STRIP = NO;
				DEBUG_INFORMATION_FORMAT = "dwarf-with-dsym";
				ENABLE_NS_ASSERTIONS = NO;
				ENABLE_STRICT_OBJC_MSGSEND = YES;
				GCC_C_LANGUAGE_STANDARD = gnu11;
				GCC_NO_COMMON_BLOCKS = YES;
				GCC_WARN_64_TO_32_BIT_CONVERSION = YES;
				GCC_WARN_ABOUT_RETURN_TYPE = YES_ERROR;
				GCC_WARN_UNDECLARED_SELECTOR = YES;
				GCC_WARN_UNINITIALIZED_AUTOS = YES_AGGRESSIVE;
				GCC_WARN_UNUSED_FUNCTION = YES;
				GCC_WARN_UNUSED_VARIABLE = YES;
				IPHONEOS_DEPLOYMENT_TARGET = 15.2;
				MTL_ENABLE_DEBUG_INFO = NO;
				MTL_FAST_MATH = YES;
				SDKROOT = iphoneos;
				SWIFT_COMPILATION_MODE = wholemodule;
				SWIFT_OPTIMIZATION_LEVEL = "-O";
				VALIDATE_PRODUCT = YES;
			};
			name = Release;
		};
		6E033F9327CE20DE001C53F2 /* Debug */ = {
			isa = XCBuildConfiguration;
			buildSettings = {
				ALWAYS_EMBED_SWIFT_STANDARD_LIBRARIES = YES;
				ASSETCATALOG_COMPILER_APPICON_NAME = AppIcon;
				ASSETCATALOG_COMPILER_GLOBAL_ACCENT_COLOR_NAME = AccentColor;
				CODE_SIGN_ENTITLEMENTS = Portfolio/resources/config/Portfolio.entitlements;
				CODE_SIGN_STYLE = Automatic;
				CURRENT_PROJECT_VERSION = 1;
				DEVELOPMENT_ASSET_PATHS = Portfolio/resources/previews;
				DEVELOPMENT_TEAM = 4UUEFBYP76;
				ENABLE_PREVIEWS = YES;
				GENERATE_INFOPLIST_FILE = YES;
				INFOPLIST_FILE = Portfolio/resources/config/Info.plist;
				INFOPLIST_KEY_UIApplicationSceneManifest_Generation = YES;
				INFOPLIST_KEY_UIApplicationSupportsIndirectInputEvents = YES;
				INFOPLIST_KEY_UILaunchScreen_Generation = YES;
				INFOPLIST_KEY_UISupportedInterfaceOrientations_iPad = "UIInterfaceOrientationPortrait UIInterfaceOrientationPortraitUpsideDown UIInterfaceOrientationLandscapeLeft UIInterfaceOrientationLandscapeRight";
				INFOPLIST_KEY_UISupportedInterfaceOrientations_iPhone = "UIInterfaceOrientationPortrait UIInterfaceOrientationLandscapeLeft UIInterfaceOrientationLandscapeRight";
				LD_RUNPATH_SEARCH_PATHS = (
					"$(inherited)",
					"@executable_path/Frameworks",
				);
				MARKETING_VERSION = 1.0;
				PRODUCT_BUNDLE_IDENTIFIER = LeoLem.Portfolio;
				PRODUCT_NAME = "$(TARGET_NAME)";
				SWIFT_EMIT_LOC_STRINGS = YES;
				SWIFT_VERSION = 5.0;
				TARGETED_DEVICE_FAMILY = "1,2";
			};
			name = Debug;
		};
		6E033F9427CE20DE001C53F2 /* Release */ = {
			isa = XCBuildConfiguration;
			buildSettings = {
				ALWAYS_EMBED_SWIFT_STANDARD_LIBRARIES = YES;
				ASSETCATALOG_COMPILER_APPICON_NAME = AppIcon;
				ASSETCATALOG_COMPILER_GLOBAL_ACCENT_COLOR_NAME = AccentColor;
				CODE_SIGN_ENTITLEMENTS = Portfolio/resources/config/Portfolio.entitlements;
				CODE_SIGN_STYLE = Automatic;
				CURRENT_PROJECT_VERSION = 1;
				DEVELOPMENT_ASSET_PATHS = Portfolio/resources/previews;
				DEVELOPMENT_TEAM = 4UUEFBYP76;
				ENABLE_PREVIEWS = YES;
				GENERATE_INFOPLIST_FILE = YES;
				INFOPLIST_FILE = Portfolio/resources/config/Info.plist;
				INFOPLIST_KEY_UIApplicationSceneManifest_Generation = YES;
				INFOPLIST_KEY_UIApplicationSupportsIndirectInputEvents = YES;
				INFOPLIST_KEY_UILaunchScreen_Generation = YES;
				INFOPLIST_KEY_UISupportedInterfaceOrientations_iPad = "UIInterfaceOrientationPortrait UIInterfaceOrientationPortraitUpsideDown UIInterfaceOrientationLandscapeLeft UIInterfaceOrientationLandscapeRight";
				INFOPLIST_KEY_UISupportedInterfaceOrientations_iPhone = "UIInterfaceOrientationPortrait UIInterfaceOrientationLandscapeLeft UIInterfaceOrientationLandscapeRight";
				LD_RUNPATH_SEARCH_PATHS = (
					"$(inherited)",
					"@executable_path/Frameworks",
				);
				MARKETING_VERSION = 1.0;
				PRODUCT_BUNDLE_IDENTIFIER = LeoLem.Portfolio;
				PRODUCT_NAME = "$(TARGET_NAME)";
				SWIFT_EMIT_LOC_STRINGS = YES;
				SWIFT_VERSION = 5.0;
				TARGETED_DEVICE_FAMILY = "1,2";
			};
			name = Release;
		};
		6E63525027D38B35004F5A1F /* Debug */ = {
			isa = XCBuildConfiguration;
			buildSettings = {
				BUNDLE_LOADER = "$(TEST_HOST)";
				CODE_SIGN_STYLE = Automatic;
				CURRENT_PROJECT_VERSION = 1;
				DEVELOPMENT_TEAM = 4UUEFBYP76;
				GENERATE_INFOPLIST_FILE = YES;
				MARKETING_VERSION = 1.0;
				PRODUCT_BUNDLE_IDENTIFIER = LeoLem.PortfolioTests;
				PRODUCT_NAME = "$(TARGET_NAME)";
				SWIFT_EMIT_LOC_STRINGS = NO;
				SWIFT_VERSION = 5.0;
				TARGETED_DEVICE_FAMILY = "1,2";
				TEST_HOST = "$(BUILT_PRODUCTS_DIR)/Portfolio.app/Portfolio";
			};
			name = Debug;
		};
		6E63525127D38B35004F5A1F /* Release */ = {
			isa = XCBuildConfiguration;
			buildSettings = {
				BUNDLE_LOADER = "$(TEST_HOST)";
				CODE_SIGN_STYLE = Automatic;
				CURRENT_PROJECT_VERSION = 1;
				DEVELOPMENT_TEAM = 4UUEFBYP76;
				GENERATE_INFOPLIST_FILE = YES;
				MARKETING_VERSION = 1.0;
				PRODUCT_BUNDLE_IDENTIFIER = LeoLem.PortfolioTests;
				PRODUCT_NAME = "$(TARGET_NAME)";
				SWIFT_EMIT_LOC_STRINGS = NO;
				SWIFT_VERSION = 5.0;
				TARGETED_DEVICE_FAMILY = "1,2";
				TEST_HOST = "$(BUILT_PRODUCTS_DIR)/Portfolio.app/Portfolio";
			};
			name = Release;
		};
		6E63527027D3D4B6004F5A1F /* Debug */ = {
			isa = XCBuildConfiguration;
			buildSettings = {
				CODE_SIGN_STYLE = Automatic;
				CURRENT_PROJECT_VERSION = 1;
				DEVELOPMENT_TEAM = 4UUEFBYP76;
				GENERATE_INFOPLIST_FILE = YES;
				MARKETING_VERSION = 1.0;
				PRODUCT_BUNDLE_IDENTIFIER = LeoLem.PortfolioUITests;
				PRODUCT_NAME = "$(TARGET_NAME)";
				SWIFT_EMIT_LOC_STRINGS = NO;
				SWIFT_VERSION = 5.0;
				TARGETED_DEVICE_FAMILY = "1,2";
				TEST_TARGET_NAME = Portfolio;
			};
			name = Debug;
		};
		6E63527127D3D4B6004F5A1F /* Release */ = {
			isa = XCBuildConfiguration;
			buildSettings = {
				CODE_SIGN_STYLE = Automatic;
				CURRENT_PROJECT_VERSION = 1;
				DEVELOPMENT_TEAM = 4UUEFBYP76;
				GENERATE_INFOPLIST_FILE = YES;
				MARKETING_VERSION = 1.0;
				PRODUCT_BUNDLE_IDENTIFIER = LeoLem.PortfolioUITests;
				PRODUCT_NAME = "$(TARGET_NAME)";
				SWIFT_EMIT_LOC_STRINGS = NO;
				SWIFT_VERSION = 5.0;
				TARGETED_DEVICE_FAMILY = "1,2";
				TEST_TARGET_NAME = Portfolio;
			};
			name = Release;
		};
		6E89B45327DFA209005C3EA4 /* Debug */ = {
			isa = XCBuildConfiguration;
			buildSettings = {
				ASSETCATALOG_COMPILER_GLOBAL_ACCENT_COLOR_NAME = AccentColor;
				ASSETCATALOG_COMPILER_WIDGET_BACKGROUND_COLOR_NAME = WidgetBackground;
				CODE_SIGN_ENTITLEMENTS = PortfolioWidget/resources/PortfolioWidgetExtension.entitlements;
				CODE_SIGN_STYLE = Automatic;
				CURRENT_PROJECT_VERSION = 1;
				DEVELOPMENT_ASSET_PATHS = PortfolioWidget/resources/previews;
				DEVELOPMENT_TEAM = 4UUEFBYP76;
				GENERATE_INFOPLIST_FILE = YES;
				INFOPLIST_FILE = PortfolioWidget/resources/Info.plist;
				INFOPLIST_KEY_CFBundleDisplayName = PortfolioWidget;
				INFOPLIST_KEY_NSHumanReadableCopyright = "";
				LD_RUNPATH_SEARCH_PATHS = (
					"$(inherited)",
					"@executable_path/Frameworks",
					"@executable_path/../../Frameworks",
				);
				MARKETING_VERSION = 1.0;
				PRODUCT_BUNDLE_IDENTIFIER = LeoLem.Portfolio.PortfolioWidget;
				PRODUCT_NAME = "$(TARGET_NAME)";
				SKIP_INSTALL = YES;
				SWIFT_EMIT_LOC_STRINGS = YES;
				SWIFT_VERSION = 5.0;
				TARGETED_DEVICE_FAMILY = "1,2";
			};
			name = Debug;
		};
		6E89B45427DFA209005C3EA4 /* Release */ = {
			isa = XCBuildConfiguration;
			buildSettings = {
				ASSETCATALOG_COMPILER_GLOBAL_ACCENT_COLOR_NAME = AccentColor;
				ASSETCATALOG_COMPILER_WIDGET_BACKGROUND_COLOR_NAME = WidgetBackground;
				CODE_SIGN_ENTITLEMENTS = PortfolioWidget/resources/PortfolioWidgetExtension.entitlements;
				CODE_SIGN_STYLE = Automatic;
				CURRENT_PROJECT_VERSION = 1;
				DEVELOPMENT_ASSET_PATHS = PortfolioWidget/resources/previews;
				DEVELOPMENT_TEAM = 4UUEFBYP76;
				GENERATE_INFOPLIST_FILE = YES;
				INFOPLIST_FILE = PortfolioWidget/resources/Info.plist;
				INFOPLIST_KEY_CFBundleDisplayName = PortfolioWidget;
				INFOPLIST_KEY_NSHumanReadableCopyright = "";
				LD_RUNPATH_SEARCH_PATHS = (
					"$(inherited)",
					"@executable_path/Frameworks",
					"@executable_path/../../Frameworks",
				);
				MARKETING_VERSION = 1.0;
				PRODUCT_BUNDLE_IDENTIFIER = LeoLem.Portfolio.PortfolioWidget;
				PRODUCT_NAME = "$(TARGET_NAME)";
				SKIP_INSTALL = YES;
				SWIFT_EMIT_LOC_STRINGS = YES;
				SWIFT_VERSION = 5.0;
				TARGETED_DEVICE_FAMILY = "1,2";
			};
			name = Release;
		};
/* End XCBuildConfiguration section */

/* Begin XCConfigurationList section */
		6E033F7F27CE20DD001C53F2 /* Build configuration list for PBXProject "Portfolio" */ = {
			isa = XCConfigurationList;
			buildConfigurations = (
				6E033F9027CE20DE001C53F2 /* Debug */,
				6E033F9127CE20DE001C53F2 /* Release */,
			);
			defaultConfigurationIsVisible = 0;
			defaultConfigurationName = Release;
		};
		6E033F9227CE20DE001C53F2 /* Build configuration list for PBXNativeTarget "Portfolio" */ = {
			isa = XCConfigurationList;
			buildConfigurations = (
				6E033F9327CE20DE001C53F2 /* Debug */,
				6E033F9427CE20DE001C53F2 /* Release */,
			);
			defaultConfigurationIsVisible = 0;
			defaultConfigurationName = Release;
		};
		6E63525227D38B35004F5A1F /* Build configuration list for PBXNativeTarget "PortfolioTests" */ = {
			isa = XCConfigurationList;
			buildConfigurations = (
				6E63525027D38B35004F5A1F /* Debug */,
				6E63525127D38B35004F5A1F /* Release */,
			);
			defaultConfigurationIsVisible = 0;
			defaultConfigurationName = Release;
		};
		6E63526F27D3D4B6004F5A1F /* Build configuration list for PBXNativeTarget "PortfolioUITests" */ = {
			isa = XCConfigurationList;
			buildConfigurations = (
				6E63527027D3D4B6004F5A1F /* Debug */,
				6E63527127D3D4B6004F5A1F /* Release */,
			);
			defaultConfigurationIsVisible = 0;
			defaultConfigurationName = Release;
		};
		6E89B45527DFA209005C3EA4 /* Build configuration list for PBXNativeTarget "PortfolioWidgetExtension" */ = {
			isa = XCConfigurationList;
			buildConfigurations = (
				6E89B45327DFA209005C3EA4 /* Debug */,
				6E89B45427DFA209005C3EA4 /* Release */,
			);
			defaultConfigurationIsVisible = 0;
			defaultConfigurationName = Release;
		};
/* End XCConfigurationList section */

/* Begin XCSwiftPackageProductDependency section */
		6E89B45B27DFA5A1005C3EA4 /* MyPackage */ = {
			isa = XCSwiftPackageProductDependency;
			productName = MyPackage;
		};
		6EC5A0CD27D242BB008FE43B /* MyPackage */ = {
			isa = XCSwiftPackageProductDependency;
			productName = MyPackage;
		};
/* End XCSwiftPackageProductDependency section */

/* Begin XCVersionGroup section */
		6E033F9927CE219E001C53F2 /* Main.xcdatamodeld */ = {
			isa = XCVersionGroup;
			children = (
				6E033F9A27CE219E001C53F2 /* Main.xcdatamodel */,
			);
			currentVersion = 6E033F9A27CE219E001C53F2 /* Main.xcdatamodel */;
			path = Main.xcdatamodeld;
			sourceTree = "<group>";
			versionGroupType = wrapper.xcdatamodel;
		};
/* End XCVersionGroup section */
	};
	rootObject = 6E033F7C27CE20DD001C53F2 /* Project object */;
}
