// !$*UTF8*$!
{
	archiveVersion = 1;
	classes = {
	};
	objectVersion = 56;
	objects = {

/* Begin PBXBuildFile section */
		6E191CAB2A25EC4F0095A835 /* Issue.swift in Sources */ = {isa = PBXBuildFile; fileRef = 6E191CAA2A25EC4F0095A835 /* Issue.swift */; };
		6EE3949A2A2056FB00CAAEAC /* Assets.xcassets in Resources */ = {isa = PBXBuildFile; fileRef = 6EE394962A2056FB00CAAEAC /* Assets.xcassets */; };
		6EE394AD2A205A8200CAAEAC /* Colors.xcassets in Resources */ = {isa = PBXBuildFile; fileRef = 6EE394AC2A205A8200CAAEAC /* Colors.xcassets */; };
		6EE394B22A205AC800CAAEAC /* Localizable.strings in Resources */ = {isa = PBXBuildFile; fileRef = 6EE394B42A205AC800CAAEAC /* Localizable.strings */; };
		6EE394B52A205ACC00CAAEAC /* Localizable.stringsdict in Resources */ = {isa = PBXBuildFile; fileRef = 6EE394B72A205ACC00CAAEAC /* Localizable.stringsdict */; };
		6EE394E52A205F1500CAAEAC /* KeepinOn-uitests.swift in Sources */ = {isa = PBXBuildFile; fileRef = 6EE394A32A2058EE00CAAEAC /* KeepinOn-uitests.swift */; };
		6EE394E82A205FC700CAAEAC /* config.swift in Sources */ = {isa = PBXBuildFile; fileRef = 6EE394E72A205FC700CAAEAC /* config.swift */; };
		6EE394EA2A20606B00CAAEAC /* LaunchScreen.storyboard in Resources */ = {isa = PBXBuildFile; fileRef = 6EE394E92A20606B00CAAEAC /* LaunchScreen.storyboard */; };
		6EE394F02A20634600CAAEAC /* Colors.swift in Sources */ = {isa = PBXBuildFile; fileRef = 6EE394EF2A20634600CAAEAC /* Colors.swift */; };
		6EE394F22A20648800CAAEAC /* Name-preview.swift in Sources */ = {isa = PBXBuildFile; fileRef = 6EE394F12A20648800CAAEAC /* Name-preview.swift */; };
		6EE394F32A20654F00CAAEAC /* KeepinOn-tests.swift in Sources */ = {isa = PBXBuildFile; fileRef = 6EE394A12A2058E900CAAEAC /* KeepinOn-tests.swift */; };
		9C452527FA8D49168F0E5A9859069881 /* ComposableArchitecture in Frameworks */ = {isa = PBXBuildFile; productRef = 9B85BE51400946CBB9A9F6BACA56EA08 /* ComposableArchitecture */; };
		A1DC1E837A3A4381AAD2903E24A5CDBE /* App-view.swift in Sources */ = {isa = PBXBuildFile; fileRef = 9E5E20B8C31A4F4CA50FE003E89416E7 /* App-view.swift */; };
		A6484655B9F647F790C507959B761743 /* App.swift in Sources */ = {isa = PBXBuildFile; fileRef = FF69BBE72CFE479C8D0B479BC1926CD3 /* App.swift */; };
		AD3848C03C724B66A20E9F6DA6CCA707 /* Projects in Frameworks */ = {isa = PBXBuildFile; productRef = 14BD8D34C7C14F0A91F77C0DDE6C093F /* Projects */; };
		EB29622E6ADC43C0945066D8FE0D4D4D /* App-reducer.swift in Sources */ = {isa = PBXBuildFile; fileRef = A48E263418DC4E028DE4BF854B71D63B /* App-reducer.swift */; };
/* End PBXBuildFile section */

/* Begin PBXContainerItemProxy section */
		6EE394CF2A205F0500CAAEAC /* PBXContainerItemProxy */ = {
			isa = PBXContainerItemProxy;
			containerPortal = 6E39CC0A2A20561800E99488 /* Project object */;
			proxyType = 1;
			remoteGlobalIDString = 6E39CC112A20561800E99488;
			remoteInfo = KeepinOn;
		};
		6EE394DF2A205F0D00CAAEAC /* PBXContainerItemProxy */ = {
			isa = PBXContainerItemProxy;
			containerPortal = 6E39CC0A2A20561800E99488 /* Project object */;
			proxyType = 1;
			remoteGlobalIDString = 6E39CC112A20561800E99488;
			remoteInfo = KeepinOn;
		};
/* End PBXContainerItemProxy section */

/* Begin PBXFileReference section */
		23177924D7F04FD78DAB2327913CCB01 /* .swiftlint.yml */ = {isa = PBXFileReference; lastKnownFileType = text.yaml; path = .swiftlint.yml; sourceTree = SOURCE_ROOT; };
		6E191CAA2A25EC4F0095A835 /* Issue.swift */ = {isa = PBXFileReference; fileEncoding = 4; lastKnownFileType = sourcecode.swift; path = Issue.swift; sourceTree = "<group>"; };
		6E39CC122A20561800E99488 /* KeepinOn.app */ = {isa = PBXFileReference; explicitFileType = wrapper.application; includeInIndex = 0; path = KeepinOn.app; sourceTree = BUILT_PRODUCTS_DIR; };
		6EE394962A2056FB00CAAEAC /* Assets.xcassets */ = {isa = PBXFileReference; lastKnownFileType = folder.assetcatalog; path = Assets.xcassets; sourceTree = "<group>"; };
		6EE3949C2A20577800CAAEAC /* Unit.xctestplan */ = {isa = PBXFileReference; lastKnownFileType = text; path = Unit.xctestplan; sourceTree = "<group>"; };
		6EE3949D2A20578100CAAEAC /* Full.xctestplan */ = {isa = PBXFileReference; lastKnownFileType = text; path = Full.xctestplan; sourceTree = "<group>"; };
		6EE394A12A2058E900CAAEAC /* KeepinOn-tests.swift */ = {isa = PBXFileReference; fileEncoding = 4; lastKnownFileType = sourcecode.swift; path = "KeepinOn-tests.swift"; sourceTree = "<group>"; };
		6EE394A32A2058EE00CAAEAC /* KeepinOn-uitests.swift */ = {isa = PBXFileReference; fileEncoding = 4; lastKnownFileType = sourcecode.swift; path = "KeepinOn-uitests.swift"; sourceTree = "<group>"; };
		6EE394AC2A205A8200CAAEAC /* Colors.xcassets */ = {isa = PBXFileReference; lastKnownFileType = folder.assetcatalog; path = Colors.xcassets; sourceTree = "<group>"; };
		6EE394B32A205AC800CAAEAC /* en */ = {isa = PBXFileReference; lastKnownFileType = text.plist.strings; name = en; path = en.lproj/Localizable.strings; sourceTree = "<group>"; };
		6EE394B62A205ACC00CAAEAC /* en */ = {isa = PBXFileReference; lastKnownFileType = text.plist.stringsdict; name = en; path = en.lproj/Localizable.stringsdict; sourceTree = "<group>"; };
		6EE394C62A205E6F00CAAEAC /* KeepinOn.entitlements */ = {isa = PBXFileReference; fileEncoding = 4; lastKnownFileType = text.plist.entitlements; path = KeepinOn.entitlements; sourceTree = "<group>"; };
		6EE394CB2A205F0500CAAEAC /* KeepinOnTests.xctest */ = {isa = PBXFileReference; explicitFileType = wrapper.cfbundle; includeInIndex = 0; path = KeepinOnTests.xctest; sourceTree = BUILT_PRODUCTS_DIR; };
		6EE394D92A205F0C00CAAEAC /* KeepinOnUITests.xctest */ = {isa = PBXFileReference; explicitFileType = wrapper.cfbundle; includeInIndex = 0; path = KeepinOnUITests.xctest; sourceTree = BUILT_PRODUCTS_DIR; };
		6EE394E72A205FC700CAAEAC /* config.swift */ = {isa = PBXFileReference; fileEncoding = 4; lastKnownFileType = sourcecode.swift; path = config.swift; sourceTree = "<group>"; };
		6EE394E92A20606B00CAAEAC /* LaunchScreen.storyboard */ = {isa = PBXFileReference; fileEncoding = 4; lastKnownFileType = file.storyboard; path = LaunchScreen.storyboard; sourceTree = "<group>"; };
		6EE394ED2A2061ED00CAAEAC /* KeepinOn-info.plist */ = {isa = PBXFileReference; fileEncoding = 4; lastKnownFileType = text.plist.xml; path = "KeepinOn-info.plist"; sourceTree = "<group>"; };
		6EE394EF2A20634600CAAEAC /* Colors.swift */ = {isa = PBXFileReference; lastKnownFileType = sourcecode.swift; path = Colors.swift; sourceTree = "<group>"; };
		6EE394F12A20648800CAAEAC /* Name-preview.swift */ = {isa = PBXFileReference; lastKnownFileType = sourcecode.swift; path = "Name-preview.swift"; sourceTree = "<group>"; };
		7CEFF3C816164CD8AE75AAB448EE853E /* .gitignore */ = {isa = PBXFileReference; lastKnownFileType = text; path = .gitignore; sourceTree = SOURCE_ROOT; };
		9E5E20B8C31A4F4CA50FE003E89416E7 /* App-view.swift */ = {isa = PBXFileReference; lastKnownFileType = sourcecode.swift; path = "App-view.swift"; sourceTree = "<group>"; };
		A48E263418DC4E028DE4BF854B71D63B /* App-reducer.swift */ = {isa = PBXFileReference; lastKnownFileType = sourcecode.swift; path = "App-reducer.swift"; sourceTree = "<group>"; };
		FF69BBE72CFE479C8D0B479BC1926CD3 /* App.swift */ = {isa = PBXFileReference; lastKnownFileType = sourcecode.swift; path = App.swift; sourceTree = "<group>"; };
/* End PBXFileReference section */

/* Begin PBXFrameworksBuildPhase section */
		6E39CC0F2A20561800E99488 /* Frameworks */ = {
			isa = PBXFrameworksBuildPhase;
			buildActionMask = 2147483647;
			files = (
				AD3848C03C724B66A20E9F6DA6CCA707 /* Projects in Frameworks */,
				9C452527FA8D49168F0E5A9859069881 /* ComposableArchitecture in Frameworks */,
			);
			runOnlyForDeploymentPostprocessing = 0;
		};
		6EE394C82A205F0500CAAEAC /* Frameworks */ = {
			isa = PBXFrameworksBuildPhase;
			buildActionMask = 2147483647;
			files = (
			);
			runOnlyForDeploymentPostprocessing = 0;
		};
		6EE394D62A205F0C00CAAEAC /* Frameworks */ = {
			isa = PBXFrameworksBuildPhase;
			buildActionMask = 2147483647;
			files = (
			);
			runOnlyForDeploymentPostprocessing = 0;
		};
/* End PBXFrameworksBuildPhase section */

/* Begin PBXGroup section */
		6E191CA92A25EC4F0095A835 /* models */ = {
			isa = PBXGroup;
			children = (
				6E191CAA2A25EC4F0095A835 /* Issue.swift */,
			);
			path = models;
			sourceTree = "<group>";
		};
		6E39CC092A20561800E99488 = {
			isa = PBXGroup;
			children = (
				6EE3948F2A2056FB00CAAEAC /* src */,
				6EE394972A2056FB00CAAEAC /* test */,
				6EE394922A2056FB00CAAEAC /* res */,
				6EE3949B2A20575600CAAEAC /* config */,
				6E39CC132A20561800E99488 /* Products */,
			);
			sourceTree = "<group>";
		};
		6E39CC132A20561800E99488 /* Products */ = {
			isa = PBXGroup;
			children = (
				6E39CC122A20561800E99488 /* KeepinOn.app */,
				6EE394CB2A205F0500CAAEAC /* KeepinOnTests.xctest */,
				6EE394D92A205F0C00CAAEAC /* KeepinOnUITests.xctest */,
			);
			name = Products;
			sourceTree = "<group>";
		};
		6EE3948F2A2056FB00CAAEAC /* src */ = {
			isa = PBXGroup;
			children = (
				FF69BBE72CFE479C8D0B479BC1926CD3 /* App.swift */,
				9E5E20B8C31A4F4CA50FE003E89416E7 /* App-view.swift */,
				A48E263418DC4E028DE4BF854B71D63B /* App-reducer.swift */,
				6E191CA92A25EC4F0095A835 /* models */,
			);
			path = src;
			sourceTree = "<group>";
		};
		6EE394922A2056FB00CAAEAC /* res */ = {
			isa = PBXGroup;
			children = (
				6EE394952A2056FB00CAAEAC /* assets */,
				6EE394932A2056FB00CAAEAC /* locale */,
				6EE394942A2056FB00CAAEAC /* previews */,
			);
			path = res;
			sourceTree = "<group>";
		};
		6EE394932A2056FB00CAAEAC /* locale */ = {
			isa = PBXGroup;
			children = (
				6EE394B42A205AC800CAAEAC /* Localizable.strings */,
				6EE394B72A205ACC00CAAEAC /* Localizable.stringsdict */,
			);
			path = locale;
			sourceTree = "<group>";
		};
		6EE394942A2056FB00CAAEAC /* previews */ = {
			isa = PBXGroup;
			children = (
				6EE394F12A20648800CAAEAC /* Name-preview.swift */,
			);
			path = previews;
			sourceTree = "<group>";
		};
		6EE394952A2056FB00CAAEAC /* assets */ = {
			isa = PBXGroup;
			children = (
				6EE394962A2056FB00CAAEAC /* Assets.xcassets */,
				6EE394E92A20606B00CAAEAC /* LaunchScreen.storyboard */,
				6EE394AC2A205A8200CAAEAC /* Colors.xcassets */,
				6EE394EF2A20634600CAAEAC /* Colors.swift */,
			);
			path = assets;
			sourceTree = "<group>";
		};
		6EE394972A2056FB00CAAEAC /* test */ = {
			isa = PBXGroup;
			children = (
				6EE3949C2A20577800CAAEAC /* Unit.xctestplan */,
				6EE3949D2A20578100CAAEAC /* Full.xctestplan */,
				6EE3949E2A20578600CAAEAC /* unit */,
				6EE3949F2A20578900CAAEAC /* ui */,
			);
			path = test;
			sourceTree = "<group>";
		};
		6EE3949B2A20575600CAAEAC /* config */ = {
			isa = PBXGroup;
			children = (
				6EE394E72A205FC700CAAEAC /* config.swift */,
				6EE394C62A205E6F00CAAEAC /* KeepinOn.entitlements */,
				6EE394ED2A2061ED00CAAEAC /* KeepinOn-info.plist */,
				7CEFF3C816164CD8AE75AAB448EE853E /* .gitignore */,
				23177924D7F04FD78DAB2327913CCB01 /* .swiftlint.yml */,
			);
			path = config;
			sourceTree = "<group>";
		};
		6EE3949E2A20578600CAAEAC /* unit */ = {
			isa = PBXGroup;
			children = (
				6EE394A12A2058E900CAAEAC /* KeepinOn-tests.swift */,
			);
			path = unit;
			sourceTree = "<group>";
		};
		6EE3949F2A20578900CAAEAC /* ui */ = {
			isa = PBXGroup;
			children = (
				6EE394A32A2058EE00CAAEAC /* KeepinOn-uitests.swift */,
			);
			path = ui;
			sourceTree = "<group>";
		};
/* End PBXGroup section */

/* Begin PBXNativeTarget section */
		6E39CC112A20561800E99488 /* KeepinOn */ = {
			isa = PBXNativeTarget;
			buildConfigurationList = 6E39CC212A20561900E99488 /* Build configuration list for PBXNativeTarget "KeepinOn" */;
			buildPhases = (
				54C2E0CF40AA49A78496A5991498B967 /* ShellScript */,
				6E39CC0E2A20561800E99488 /* Sources */,
				6E39CC0F2A20561800E99488 /* Frameworks */,
				6E39CC102A20561800E99488 /* Resources */,
			);
			buildRules = (
			);
			dependencies = (
			);
			name = KeepinOn;
			packageProductDependencies = (
				14BD8D34C7C14F0A91F77C0DDE6C093F /* Projects */,
				9B85BE51400946CBB9A9F6BACA56EA08 /* ComposableArchitecture */,
			);
			productName = KeepinOn;
			productReference = 6E39CC122A20561800E99488 /* KeepinOn.app */;
			productType = "com.apple.product-type.application";
		};
		6EE394CA2A205F0500CAAEAC /* KeepinOnTests */ = {
			isa = PBXNativeTarget;
			buildConfigurationList = 6EE394D12A205F0500CAAEAC /* Build configuration list for PBXNativeTarget "KeepinOnTests" */;
			buildPhases = (
				6EE394C72A205F0500CAAEAC /* Sources */,
				6EE394C82A205F0500CAAEAC /* Frameworks */,
				6EE394C92A205F0500CAAEAC /* Resources */,
			);
			buildRules = (
			);
			dependencies = (
				6EE394D02A205F0500CAAEAC /* PBXTargetDependency */,
			);
			name = KeepinOnTests;
			productName = KeepinOnTests;
			productReference = 6EE394CB2A205F0500CAAEAC /* KeepinOnTests.xctest */;
			productType = "com.apple.product-type.bundle.unit-test";
		};
		6EE394D82A205F0C00CAAEAC /* KeepinOnUITests */ = {
			isa = PBXNativeTarget;
			buildConfigurationList = 6EE394E12A205F0D00CAAEAC /* Build configuration list for PBXNativeTarget "KeepinOnUITests" */;
			buildPhases = (
				6EE394D52A205F0C00CAAEAC /* Sources */,
				6EE394D62A205F0C00CAAEAC /* Frameworks */,
				6EE394D72A205F0C00CAAEAC /* Resources */,
			);
			buildRules = (
			);
			dependencies = (
				6EE394E02A205F0D00CAAEAC /* PBXTargetDependency */,
			);
			name = KeepinOnUITests;
			productName = KeepinOnUITests;
			productReference = 6EE394D92A205F0C00CAAEAC /* KeepinOnUITests.xctest */;
			productType = "com.apple.product-type.bundle.ui-testing";
		};
/* End PBXNativeTarget section */

/* Begin PBXProject section */
		6E39CC0A2A20561800E99488 /* Project object */ = {
			isa = PBXProject;
			attributes = {
				BuildIndependentTargetsInParallel = 1;
				LastSwiftUpdateCheck = 1430;
				LastUpgradeCheck = 1430;
				TargetAttributes = {
					6E39CC112A20561800E99488 = {
						CreatedOnToolsVersion = 14.3;
					};
					6EE394CA2A205F0500CAAEAC = {
						CreatedOnToolsVersion = 14.3;
						TestTargetID = 6E39CC112A20561800E99488;
					};
					6EE394D82A205F0C00CAAEAC = {
						CreatedOnToolsVersion = 14.3;
						TestTargetID = 6E39CC112A20561800E99488;
					};
				};
			};
			buildConfigurationList = 6E39CC0D2A20561800E99488 /* Build configuration list for PBXProject "KeepinOn" */;
			compatibilityVersion = "Xcode 14.0";
			developmentRegion = en;
			hasScannedForEncodings = 0;
			knownRegions = (
				en,
				Base,
			);
			mainGroup = 6E39CC092A20561800E99488;
			packageReferences = (
				6E3AFE7F8EEE4BBB9746C58DF6A9877D /* XCRemoteSwiftPackageReference "swift-composable-architecture" */,
			);
			productRefGroup = 6E39CC132A20561800E99488 /* Products */;
			projectDirPath = "";
			projectRoot = "";
			targets = (
				6E39CC112A20561800E99488 /* KeepinOn */,
				6EE394CA2A205F0500CAAEAC /* KeepinOnTests */,
				6EE394D82A205F0C00CAAEAC /* KeepinOnUITests */,
			);
		};
/* End PBXProject section */

/* Begin PBXResourcesBuildPhase section */
		6E39CC102A20561800E99488 /* Resources */ = {
			isa = PBXResourcesBuildPhase;
			buildActionMask = 2147483647;
			files = (
				6EE3949A2A2056FB00CAAEAC /* Assets.xcassets in Resources */,
				6EE394B52A205ACC00CAAEAC /* Localizable.stringsdict in Resources */,
				6EE394B22A205AC800CAAEAC /* Localizable.strings in Resources */,
				6EE394EA2A20606B00CAAEAC /* LaunchScreen.storyboard in Resources */,
				6EE394AD2A205A8200CAAEAC /* Colors.xcassets in Resources */,
			);
			runOnlyForDeploymentPostprocessing = 0;
		};
		6EE394C92A205F0500CAAEAC /* Resources */ = {
			isa = PBXResourcesBuildPhase;
			buildActionMask = 2147483647;
			files = (
			);
			runOnlyForDeploymentPostprocessing = 0;
		};
		6EE394D72A205F0C00CAAEAC /* Resources */ = {
			isa = PBXResourcesBuildPhase;
			buildActionMask = 2147483647;
			files = (
			);
			runOnlyForDeploymentPostprocessing = 0;
		};
/* End PBXResourcesBuildPhase section */

/* Begin PBXShellScriptBuildPhase section */
		54C2E0CF40AA49A78496A5991498B967 /* ShellScript */ = {
			isa = PBXShellScriptBuildPhase;
			alwaysOutOfDate = 1;
			buildActionMask = 2147483647;
			files = (
			);
			inputFileListPaths = (
			);
			inputPaths = (
			);
			outputFileListPaths = (
			);
			outputPaths = (
			);
			runOnlyForDeploymentPostprocessing = 0;
			shellPath = /bin/zsh;
			shellScript = "export PATH=\"$PATH:/opt/homebrew/bin\"\nif which swiftlint > /dev/null; then\n  swiftlint\nelse\n  echo \"warning: Swiftlint not installed.\"\nfi\n";
		};
/* End PBXShellScriptBuildPhase section */

/* Begin PBXSourcesBuildPhase section */
		6E39CC0E2A20561800E99488 /* Sources */ = {
			isa = PBXSourcesBuildPhase;
			buildActionMask = 2147483647;
			files = (
				6EE394F02A20634600CAAEAC /* Colors.swift in Sources */,
				6E191CAB2A25EC4F0095A835 /* Issue.swift in Sources */,
				6EE394F22A20648800CAAEAC /* Name-preview.swift in Sources */,
				6EE394E82A205FC700CAAEAC /* config.swift in Sources */,
				EB29622E6ADC43C0945066D8FE0D4D4D /* App-reducer.swift in Sources */,
				A1DC1E837A3A4381AAD2903E24A5CDBE /* App-view.swift in Sources */,
				A6484655B9F647F790C507959B761743 /* App.swift in Sources */,
			);
			runOnlyForDeploymentPostprocessing = 0;
		};
		6EE394C72A205F0500CAAEAC /* Sources */ = {
			isa = PBXSourcesBuildPhase;
			buildActionMask = 2147483647;
			files = (
				6EE394F32A20654F00CAAEAC /* KeepinOn-tests.swift in Sources */,
			);
			runOnlyForDeploymentPostprocessing = 0;
		};
		6EE394D52A205F0C00CAAEAC /* Sources */ = {
			isa = PBXSourcesBuildPhase;
			buildActionMask = 2147483647;
			files = (
				6EE394E52A205F1500CAAEAC /* KeepinOn-uitests.swift in Sources */,
			);
			runOnlyForDeploymentPostprocessing = 0;
		};
/* End PBXSourcesBuildPhase section */

/* Begin PBXTargetDependency section */
		6EE394D02A205F0500CAAEAC /* PBXTargetDependency */ = {
			isa = PBXTargetDependency;
			target = 6E39CC112A20561800E99488 /* KeepinOn */;
			targetProxy = 6EE394CF2A205F0500CAAEAC /* PBXContainerItemProxy */;
		};
		6EE394E02A205F0D00CAAEAC /* PBXTargetDependency */ = {
			isa = PBXTargetDependency;
			target = 6E39CC112A20561800E99488 /* KeepinOn */;
			targetProxy = 6EE394DF2A205F0D00CAAEAC /* PBXContainerItemProxy */;
		};
/* End PBXTargetDependency section */

/* Begin PBXVariantGroup section */
		6EE394B42A205AC800CAAEAC /* Localizable.strings */ = {
			isa = PBXVariantGroup;
			children = (
				6EE394B32A205AC800CAAEAC /* en */,
			);
			name = Localizable.strings;
			sourceTree = "<group>";
		};
		6EE394B72A205ACC00CAAEAC /* Localizable.stringsdict */ = {
			isa = PBXVariantGroup;
			children = (
				6EE394B62A205ACC00CAAEAC /* en */,
			);
			name = Localizable.stringsdict;
			sourceTree = "<group>";
		};
/* End PBXVariantGroup section */

/* Begin XCBuildConfiguration section */
		6E39CC1F2A20561900E99488 /* Debug */ = {
			isa = XCBuildConfiguration;
			buildSettings = {
				ALWAYS_SEARCH_USER_PATHS = NO;
				CLANG_ANALYZER_NONNULL = YES;
				CLANG_ANALYZER_NUMBER_OBJECT_CONVERSION = YES_AGGRESSIVE;
				CLANG_CXX_LANGUAGE_STANDARD = "gnu++20";
				CLANG_ENABLE_MODULES = YES;
				CLANG_ENABLE_OBJC_ARC = YES;
				CLANG_ENABLE_OBJC_WEAK = YES;
				CLANG_WARN_BLOCK_CAPTURE_AUTORELEASING = YES;
				CLANG_WARN_BOOL_CONVERSION = YES;
				CLANG_WARN_COMMA = YES;
				CLANG_WARN_CONSTANT_CONVERSION = YES;
				CLANG_WARN_DEPRECATED_OBJC_IMPLEMENTATIONS = YES;
				CLANG_WARN_DIRECT_OBJC_ISA_USAGE = YES_ERROR;
				CLANG_WARN_DOCUMENTATION_COMMENTS = YES;
				CLANG_WARN_EMPTY_BODY = YES;
				CLANG_WARN_ENUM_CONVERSION = YES;
				CLANG_WARN_INFINITE_RECURSION = YES;
				CLANG_WARN_INT_CONVERSION = YES;
				CLANG_WARN_NON_LITERAL_NULL_CONVERSION = YES;
				CLANG_WARN_OBJC_IMPLICIT_RETAIN_SELF = YES;
				CLANG_WARN_OBJC_LITERAL_CONVERSION = YES;
				CLANG_WARN_OBJC_ROOT_CLASS = YES_ERROR;
				CLANG_WARN_QUOTED_INCLUDE_IN_FRAMEWORK_HEADER = YES;
				CLANG_WARN_RANGE_LOOP_ANALYSIS = YES;
				CLANG_WARN_STRICT_PROTOTYPES = YES;
				CLANG_WARN_SUSPICIOUS_MOVE = YES;
				CLANG_WARN_UNGUARDED_AVAILABILITY = YES_AGGRESSIVE;
				CLANG_WARN_UNREACHABLE_CODE = YES;
				CLANG_WARN__DUPLICATE_METHOD_MATCH = YES;
				COPY_PHASE_STRIP = NO;
				DEBUG_INFORMATION_FORMAT = dwarf;
				ENABLE_STRICT_OBJC_MSGSEND = YES;
				ENABLE_TESTABILITY = YES;
				GCC_C_LANGUAGE_STANDARD = gnu11;
				GCC_DYNAMIC_NO_PIC = NO;
				GCC_NO_COMMON_BLOCKS = YES;
				GCC_OPTIMIZATION_LEVEL = 0;
				GCC_PREPROCESSOR_DEFINITIONS = (
					"DEBUG=1",
					"$(inherited)",
				);
				GCC_WARN_64_TO_32_BIT_CONVERSION = YES;
				GCC_WARN_ABOUT_RETURN_TYPE = YES_ERROR;
				GCC_WARN_UNDECLARED_SELECTOR = YES;
				GCC_WARN_UNINITIALIZED_AUTOS = YES_AGGRESSIVE;
				GCC_WARN_UNUSED_FUNCTION = YES;
				GCC_WARN_UNUSED_VARIABLE = YES;
				MTL_ENABLE_DEBUG_INFO = INCLUDE_SOURCE;
				MTL_FAST_MATH = YES;
				ONLY_ACTIVE_ARCH = YES;
				SWIFT_ACTIVE_COMPILATION_CONDITIONS = DEBUG;
				SWIFT_OPTIMIZATION_LEVEL = "-Onone";
			};
			name = Debug;
		};
		6E39CC202A20561900E99488 /* Release */ = {
			isa = XCBuildConfiguration;
			buildSettings = {
				ALWAYS_SEARCH_USER_PATHS = NO;
				CLANG_ANALYZER_NONNULL = YES;
				CLANG_ANALYZER_NUMBER_OBJECT_CONVERSION = YES_AGGRESSIVE;
				CLANG_CXX_LANGUAGE_STANDARD = "gnu++20";
				CLANG_ENABLE_MODULES = YES;
				CLANG_ENABLE_OBJC_ARC = YES;
				CLANG_ENABLE_OBJC_WEAK = YES;
				CLANG_WARN_BLOCK_CAPTURE_AUTORELEASING = YES;
				CLANG_WARN_BOOL_CONVERSION = YES;
				CLANG_WARN_COMMA = YES;
				CLANG_WARN_CONSTANT_CONVERSION = YES;
				CLANG_WARN_DEPRECATED_OBJC_IMPLEMENTATIONS = YES;
				CLANG_WARN_DIRECT_OBJC_ISA_USAGE = YES_ERROR;
				CLANG_WARN_DOCUMENTATION_COMMENTS = YES;
				CLANG_WARN_EMPTY_BODY = YES;
				CLANG_WARN_ENUM_CONVERSION = YES;
				CLANG_WARN_INFINITE_RECURSION = YES;
				CLANG_WARN_INT_CONVERSION = YES;
				CLANG_WARN_NON_LITERAL_NULL_CONVERSION = YES;
				CLANG_WARN_OBJC_IMPLICIT_RETAIN_SELF = YES;
				CLANG_WARN_OBJC_LITERAL_CONVERSION = YES;
				CLANG_WARN_OBJC_ROOT_CLASS = YES_ERROR;
				CLANG_WARN_QUOTED_INCLUDE_IN_FRAMEWORK_HEADER = YES;
				CLANG_WARN_RANGE_LOOP_ANALYSIS = YES;
				CLANG_WARN_STRICT_PROTOTYPES = YES;
				CLANG_WARN_SUSPICIOUS_MOVE = YES;
				CLANG_WARN_UNGUARDED_AVAILABILITY = YES_AGGRESSIVE;
				CLANG_WARN_UNREACHABLE_CODE = YES;
				CLANG_WARN__DUPLICATE_METHOD_MATCH = YES;
				COPY_PHASE_STRIP = NO;
				DEBUG_INFORMATION_FORMAT = "dwarf-with-dsym";
				ENABLE_NS_ASSERTIONS = NO;
				ENABLE_STRICT_OBJC_MSGSEND = YES;
				GCC_C_LANGUAGE_STANDARD = gnu11;
				GCC_NO_COMMON_BLOCKS = YES;
				GCC_WARN_64_TO_32_BIT_CONVERSION = YES;
				GCC_WARN_ABOUT_RETURN_TYPE = YES_ERROR;
				GCC_WARN_UNDECLARED_SELECTOR = YES;
				GCC_WARN_UNINITIALIZED_AUTOS = YES_AGGRESSIVE;
				GCC_WARN_UNUSED_FUNCTION = YES;
				GCC_WARN_UNUSED_VARIABLE = YES;
				MTL_ENABLE_DEBUG_INFO = NO;
				MTL_FAST_MATH = YES;
				SWIFT_COMPILATION_MODE = wholemodule;
				SWIFT_OPTIMIZATION_LEVEL = "-O";
			};
			name = Release;
		};
		6E39CC222A20561900E99488 /* Debug */ = {
			isa = XCBuildConfiguration;
			buildSettings = {
				ASSETCATALOG_COMPILER_APPICON_NAME = AppIcon;
				ASSETCATALOG_COMPILER_GLOBAL_ACCENT_COLOR_NAME = AccentColor;
				ASSETCATALOG_COMPILER_INCLUDE_ALL_APPICON_ASSETS = NO;
				CODE_SIGN_ENTITLEMENTS = config/KeepinOn.entitlements;
				CODE_SIGN_STYLE = Automatic;
				CURRENT_PROJECT_VERSION = 1;
				DEVELOPMENT_ASSET_PATHS = res/previews;
				DEVELOPMENT_TEAM = 4UUEFBYP76;
				ENABLE_PREVIEWS = YES;
				GENERATE_INFOPLIST_FILE = YES;
				INFOPLIST_FILE = "config/KeepinOn-info.plist";
				INFOPLIST_KEY_CFBundleDisplayName = KeepinOn;
				INFOPLIST_KEY_LSApplicationCategoryType = "public.app-category.productivity";
				"INFOPLIST_KEY_UIApplicationSceneManifest_Generation[sdk=iphoneos*]" = YES;
				"INFOPLIST_KEY_UIApplicationSceneManifest_Generation[sdk=iphonesimulator*]" = YES;
				"INFOPLIST_KEY_UIApplicationSupportsIndirectInputEvents[sdk=iphoneos*]" = YES;
				"INFOPLIST_KEY_UIApplicationSupportsIndirectInputEvents[sdk=iphonesimulator*]" = YES;
				INFOPLIST_KEY_UILaunchStoryboardName = LaunchScreen.storyboard;
				INFOPLIST_KEY_UISupportedInterfaceOrientations_iPad = "UIInterfaceOrientationPortrait UIInterfaceOrientationPortraitUpsideDown UIInterfaceOrientationLandscapeLeft UIInterfaceOrientationLandscapeRight";
				INFOPLIST_KEY_UISupportedInterfaceOrientations_iPhone = "UIInterfaceOrientationPortrait UIInterfaceOrientationLandscapeLeft UIInterfaceOrientationLandscapeRight";
				IPHONEOS_DEPLOYMENT_TARGET = 16.0;
				MACOSX_DEPLOYMENT_TARGET = 13.0;
				MARKETING_VERSION = 1.0;
				PRODUCT_BUNDLE_IDENTIFIER = dev.leolem.KeepinOn;
				PRODUCT_NAME = "$(TARGET_NAME)";
				SUPPORTED_PLATFORMS = "iphoneos iphonesimulator";
				SUPPORTS_MACCATALYST = NO;
				SUPPORTS_MAC_DESIGNED_FOR_IPHONE_IPAD = NO;
				SWIFT_VERSION = 5.0;
				TARGETED_DEVICE_FAMILY = "1,2";
			};
			name = Debug;
		};
		6E39CC232A20561900E99488 /* Release */ = {
			isa = XCBuildConfiguration;
			buildSettings = {
				ASSETCATALOG_COMPILER_APPICON_NAME = AppIcon;
				ASSETCATALOG_COMPILER_GLOBAL_ACCENT_COLOR_NAME = AccentColor;
				ASSETCATALOG_COMPILER_INCLUDE_ALL_APPICON_ASSETS = NO;
				CODE_SIGN_ENTITLEMENTS = config/KeepinOn.entitlements;
				CODE_SIGN_STYLE = Automatic;
				CURRENT_PROJECT_VERSION = 1;
				DEVELOPMENT_ASSET_PATHS = res/previews;
				DEVELOPMENT_TEAM = 4UUEFBYP76;
				ENABLE_PREVIEWS = YES;
				GENERATE_INFOPLIST_FILE = YES;
				INFOPLIST_FILE = "config/KeepinOn-info.plist";
				INFOPLIST_KEY_CFBundleDisplayName = KeepinOn;
				INFOPLIST_KEY_LSApplicationCategoryType = "public.app-category.productivity";
				"INFOPLIST_KEY_UIApplicationSceneManifest_Generation[sdk=iphoneos*]" = YES;
				"INFOPLIST_KEY_UIApplicationSceneManifest_Generation[sdk=iphonesimulator*]" = YES;
				"INFOPLIST_KEY_UIApplicationSupportsIndirectInputEvents[sdk=iphoneos*]" = YES;
				"INFOPLIST_KEY_UIApplicationSupportsIndirectInputEvents[sdk=iphonesimulator*]" = YES;
				INFOPLIST_KEY_UILaunchStoryboardName = LaunchScreen.storyboard;
				INFOPLIST_KEY_UISupportedInterfaceOrientations_iPad = "UIInterfaceOrientationPortrait UIInterfaceOrientationPortraitUpsideDown UIInterfaceOrientationLandscapeLeft UIInterfaceOrientationLandscapeRight";
				INFOPLIST_KEY_UISupportedInterfaceOrientations_iPhone = "UIInterfaceOrientationPortrait UIInterfaceOrientationLandscapeLeft UIInterfaceOrientationLandscapeRight";
				IPHONEOS_DEPLOYMENT_TARGET = 16.0;
				MACOSX_DEPLOYMENT_TARGET = 13.0;
				MARKETING_VERSION = 1.0;
				PRODUCT_BUNDLE_IDENTIFIER = dev.leolem.KeepinOn;
				PRODUCT_NAME = "$(TARGET_NAME)";
				SUPPORTED_PLATFORMS = "iphoneos iphonesimulator";
				SUPPORTS_MACCATALYST = NO;
				SUPPORTS_MAC_DESIGNED_FOR_IPHONE_IPAD = NO;
				SWIFT_VERSION = 5.0;
				TARGETED_DEVICE_FAMILY = "1,2";
			};
			name = Release;
		};
		6EE394AA2A205A6700CAAEAC /* Test */ = {
			isa = XCBuildConfiguration;
			buildSettings = {
				ALWAYS_SEARCH_USER_PATHS = NO;
				CLANG_ANALYZER_NONNULL = YES;
				CLANG_ANALYZER_NUMBER_OBJECT_CONVERSION = YES_AGGRESSIVE;
				CLANG_CXX_LANGUAGE_STANDARD = "gnu++20";
				CLANG_ENABLE_MODULES = YES;
				CLANG_ENABLE_OBJC_ARC = YES;
				CLANG_ENABLE_OBJC_WEAK = YES;
				CLANG_WARN_BLOCK_CAPTURE_AUTORELEASING = YES;
				CLANG_WARN_BOOL_CONVERSION = YES;
				CLANG_WARN_COMMA = YES;
				CLANG_WARN_CONSTANT_CONVERSION = YES;
				CLANG_WARN_DEPRECATED_OBJC_IMPLEMENTATIONS = YES;
				CLANG_WARN_DIRECT_OBJC_ISA_USAGE = YES_ERROR;
				CLANG_WARN_DOCUMENTATION_COMMENTS = YES;
				CLANG_WARN_EMPTY_BODY = YES;
				CLANG_WARN_ENUM_CONVERSION = YES;
				CLANG_WARN_INFINITE_RECURSION = YES;
				CLANG_WARN_INT_CONVERSION = YES;
				CLANG_WARN_NON_LITERAL_NULL_CONVERSION = YES;
				CLANG_WARN_OBJC_IMPLICIT_RETAIN_SELF = YES;
				CLANG_WARN_OBJC_LITERAL_CONVERSION = YES;
				CLANG_WARN_OBJC_ROOT_CLASS = YES_ERROR;
				CLANG_WARN_QUOTED_INCLUDE_IN_FRAMEWORK_HEADER = YES;
				CLANG_WARN_RANGE_LOOP_ANALYSIS = YES;
				CLANG_WARN_STRICT_PROTOTYPES = YES;
				CLANG_WARN_SUSPICIOUS_MOVE = YES;
				CLANG_WARN_UNGUARDED_AVAILABILITY = YES_AGGRESSIVE;
				CLANG_WARN_UNREACHABLE_CODE = YES;
				CLANG_WARN__DUPLICATE_METHOD_MATCH = YES;
				COPY_PHASE_STRIP = NO;
				DEBUG_INFORMATION_FORMAT = dwarf;
				ENABLE_STRICT_OBJC_MSGSEND = YES;
				ENABLE_TESTABILITY = YES;
				GCC_C_LANGUAGE_STANDARD = gnu11;
				GCC_DYNAMIC_NO_PIC = NO;
				GCC_NO_COMMON_BLOCKS = YES;
				GCC_OPTIMIZATION_LEVEL = 0;
				GCC_PREPROCESSOR_DEFINITIONS = (
					"DEBUG=1",
					"$(inherited)",
				);
				GCC_WARN_64_TO_32_BIT_CONVERSION = YES;
				GCC_WARN_ABOUT_RETURN_TYPE = YES_ERROR;
				GCC_WARN_UNDECLARED_SELECTOR = YES;
				GCC_WARN_UNINITIALIZED_AUTOS = YES_AGGRESSIVE;
				GCC_WARN_UNUSED_FUNCTION = YES;
				GCC_WARN_UNUSED_VARIABLE = YES;
				MTL_ENABLE_DEBUG_INFO = INCLUDE_SOURCE;
				MTL_FAST_MATH = YES;
				ONLY_ACTIVE_ARCH = YES;
				SWIFT_ACTIVE_COMPILATION_CONDITIONS = DEBUG;
				SWIFT_OPTIMIZATION_LEVEL = "-Onone";
			};
			name = Test;
		};
		6EE394AB2A205A6700CAAEAC /* Test */ = {
			isa = XCBuildConfiguration;
			buildSettings = {
				ASSETCATALOG_COMPILER_APPICON_NAME = AppIcon;
				ASSETCATALOG_COMPILER_GLOBAL_ACCENT_COLOR_NAME = AccentColor;
				ASSETCATALOG_COMPILER_INCLUDE_ALL_APPICON_ASSETS = NO;
				CODE_SIGN_ENTITLEMENTS = config/KeepinOn.entitlements;
				CODE_SIGN_STYLE = Automatic;
				CURRENT_PROJECT_VERSION = 1;
				DEVELOPMENT_ASSET_PATHS = res/previews;
				DEVELOPMENT_TEAM = 4UUEFBYP76;
				ENABLE_PREVIEWS = YES;
				GENERATE_INFOPLIST_FILE = YES;
				INFOPLIST_FILE = "config/KeepinOn-info.plist";
				INFOPLIST_KEY_CFBundleDisplayName = KeepinOn;
				INFOPLIST_KEY_LSApplicationCategoryType = "public.app-category.productivity";
				"INFOPLIST_KEY_UIApplicationSceneManifest_Generation[sdk=iphoneos*]" = YES;
				"INFOPLIST_KEY_UIApplicationSceneManifest_Generation[sdk=iphonesimulator*]" = YES;
				"INFOPLIST_KEY_UIApplicationSupportsIndirectInputEvents[sdk=iphoneos*]" = YES;
				"INFOPLIST_KEY_UIApplicationSupportsIndirectInputEvents[sdk=iphonesimulator*]" = YES;
				INFOPLIST_KEY_UILaunchStoryboardName = LaunchScreen.storyboard;
				INFOPLIST_KEY_UISupportedInterfaceOrientations_iPad = "UIInterfaceOrientationPortrait UIInterfaceOrientationPortraitUpsideDown UIInterfaceOrientationLandscapeLeft UIInterfaceOrientationLandscapeRight";
				INFOPLIST_KEY_UISupportedInterfaceOrientations_iPhone = "UIInterfaceOrientationPortrait UIInterfaceOrientationLandscapeLeft UIInterfaceOrientationLandscapeRight";
				IPHONEOS_DEPLOYMENT_TARGET = 16.0;
				MACOSX_DEPLOYMENT_TARGET = 13.0;
				MARKETING_VERSION = 1.0;
				PRODUCT_BUNDLE_IDENTIFIER = dev.leolem.KeepinOn;
				PRODUCT_NAME = "$(TARGET_NAME)";
				SUPPORTED_PLATFORMS = "iphoneos iphonesimulator";
				SUPPORTS_MACCATALYST = NO;
				SUPPORTS_MAC_DESIGNED_FOR_IPHONE_IPAD = NO;
				SWIFT_ACTIVE_COMPILATION_CONDITIONS = TEST;
				SWIFT_VERSION = 5.0;
				TARGETED_DEVICE_FAMILY = "1,2";
			};
			name = Test;
		};
		6EE394D22A205F0500CAAEAC /* Debug */ = {
			isa = XCBuildConfiguration;
			buildSettings = {
				BUNDLE_LOADER = "$(TEST_HOST)";
				CODE_SIGN_STYLE = Automatic;
				CURRENT_PROJECT_VERSION = 1;
				DEVELOPMENT_TEAM = 4UUEFBYP76;
				GENERATE_INFOPLIST_FILE = YES;
				IPHONEOS_DEPLOYMENT_TARGET = 16.4;
				MARKETING_VERSION = 1.0;
				PRODUCT_BUNDLE_IDENTIFIER = LeoLem.KeepinOnTests;
				PRODUCT_NAME = "$(TARGET_NAME)";
				SDKROOT = iphoneos;
				SUPPORTED_PLATFORMS = "iphoneos iphonesimulator";
				SUPPORTS_MACCATALYST = NO;
				SUPPORTS_MAC_DESIGNED_FOR_IPHONE_IPAD = NO;
				SWIFT_EMIT_LOC_STRINGS = NO;
				SWIFT_VERSION = 5.0;
				TARGETED_DEVICE_FAMILY = "1,2";
				TEST_HOST = "$(BUILT_PRODUCTS_DIR)/KeepinOn.app/$(BUNDLE_EXECUTABLE_FOLDER_PATH)/KeepinOn";
			};
			name = Debug;
		};
		6EE394D32A205F0500CAAEAC /* Test */ = {
			isa = XCBuildConfiguration;
			buildSettings = {
				BUNDLE_LOADER = "$(TEST_HOST)";
				CODE_SIGN_STYLE = Automatic;
				CURRENT_PROJECT_VERSION = 1;
				DEVELOPMENT_TEAM = 4UUEFBYP76;
				GENERATE_INFOPLIST_FILE = YES;
				IPHONEOS_DEPLOYMENT_TARGET = 16.4;
				MARKETING_VERSION = 1.0;
				PRODUCT_BUNDLE_IDENTIFIER = LeoLem.KeepinOnTests;
				PRODUCT_NAME = "$(TARGET_NAME)";
				SDKROOT = iphoneos;
				SUPPORTED_PLATFORMS = "iphoneos iphonesimulator";
				SUPPORTS_MACCATALYST = NO;
				SUPPORTS_MAC_DESIGNED_FOR_IPHONE_IPAD = NO;
				SWIFT_EMIT_LOC_STRINGS = NO;
				SWIFT_VERSION = 5.0;
				TARGETED_DEVICE_FAMILY = "1,2";
				TEST_HOST = "$(BUILT_PRODUCTS_DIR)/KeepinOn.app/$(BUNDLE_EXECUTABLE_FOLDER_PATH)/KeepinOn";
				VALIDATE_PRODUCT = YES;
			};
			name = Test;
		};
		6EE394D42A205F0500CAAEAC /* Release */ = {
			isa = XCBuildConfiguration;
			buildSettings = {
				BUNDLE_LOADER = "$(TEST_HOST)";
				CODE_SIGN_STYLE = Automatic;
				CURRENT_PROJECT_VERSION = 1;
				DEVELOPMENT_TEAM = 4UUEFBYP76;
				GENERATE_INFOPLIST_FILE = YES;
				IPHONEOS_DEPLOYMENT_TARGET = 16.4;
				MARKETING_VERSION = 1.0;
				PRODUCT_BUNDLE_IDENTIFIER = LeoLem.KeepinOnTests;
				PRODUCT_NAME = "$(TARGET_NAME)";
				SDKROOT = iphoneos;
				SUPPORTED_PLATFORMS = "iphoneos iphonesimulator";
				SUPPORTS_MACCATALYST = NO;
				SUPPORTS_MAC_DESIGNED_FOR_IPHONE_IPAD = NO;
				SWIFT_EMIT_LOC_STRINGS = NO;
				SWIFT_VERSION = 5.0;
				TARGETED_DEVICE_FAMILY = "1,2";
				TEST_HOST = "$(BUILT_PRODUCTS_DIR)/KeepinOn.app/$(BUNDLE_EXECUTABLE_FOLDER_PATH)/KeepinOn";
				VALIDATE_PRODUCT = YES;
			};
			name = Release;
		};
		6EE394E22A205F0D00CAAEAC /* Debug */ = {
			isa = XCBuildConfiguration;
			buildSettings = {
				CODE_SIGN_STYLE = Automatic;
				CURRENT_PROJECT_VERSION = 1;
				DEVELOPMENT_TEAM = 4UUEFBYP76;
				GENERATE_INFOPLIST_FILE = YES;
				IPHONEOS_DEPLOYMENT_TARGET = 16.4;
				MARKETING_VERSION = 1.0;
				PRODUCT_BUNDLE_IDENTIFIER = LeoLem.KeepinOnUITests;
				PRODUCT_NAME = "$(TARGET_NAME)";
				SDKROOT = iphoneos;
				SUPPORTED_PLATFORMS = "iphoneos iphonesimulator";
				SUPPORTS_MACCATALYST = NO;
				SUPPORTS_MAC_DESIGNED_FOR_IPHONE_IPAD = NO;
				SWIFT_EMIT_LOC_STRINGS = NO;
				SWIFT_VERSION = 5.0;
				TARGETED_DEVICE_FAMILY = "1,2";
				TEST_TARGET_NAME = KeepinOn;
			};
			name = Debug;
		};
		6EE394E32A205F0D00CAAEAC /* Test */ = {
			isa = XCBuildConfiguration;
			buildSettings = {
				CODE_SIGN_STYLE = Automatic;
				CURRENT_PROJECT_VERSION = 1;
				DEVELOPMENT_TEAM = 4UUEFBYP76;
				GENERATE_INFOPLIST_FILE = YES;
				IPHONEOS_DEPLOYMENT_TARGET = 16.4;
				MARKETING_VERSION = 1.0;
				PRODUCT_BUNDLE_IDENTIFIER = LeoLem.KeepinOnUITests;
				PRODUCT_NAME = "$(TARGET_NAME)";
				SDKROOT = iphoneos;
				SUPPORTED_PLATFORMS = "iphoneos iphonesimulator";
				SUPPORTS_MACCATALYST = NO;
				SUPPORTS_MAC_DESIGNED_FOR_IPHONE_IPAD = NO;
				SWIFT_EMIT_LOC_STRINGS = NO;
				SWIFT_VERSION = 5.0;
				TARGETED_DEVICE_FAMILY = "1,2";
				TEST_TARGET_NAME = KeepinOn;
				VALIDATE_PRODUCT = YES;
			};
			name = Test;
		};
		6EE394E42A205F0D00CAAEAC /* Release */ = {
			isa = XCBuildConfiguration;
			buildSettings = {
				CODE_SIGN_STYLE = Automatic;
				CURRENT_PROJECT_VERSION = 1;
				DEVELOPMENT_TEAM = 4UUEFBYP76;
				GENERATE_INFOPLIST_FILE = YES;
				IPHONEOS_DEPLOYMENT_TARGET = 16.4;
				MARKETING_VERSION = 1.0;
				PRODUCT_BUNDLE_IDENTIFIER = LeoLem.KeepinOnUITests;
				PRODUCT_NAME = "$(TARGET_NAME)";
				SDKROOT = iphoneos;
				SUPPORTED_PLATFORMS = "iphoneos iphonesimulator";
				SUPPORTS_MACCATALYST = NO;
				SUPPORTS_MAC_DESIGNED_FOR_IPHONE_IPAD = NO;
				SWIFT_EMIT_LOC_STRINGS = NO;
				SWIFT_VERSION = 5.0;
				TARGETED_DEVICE_FAMILY = "1,2";
				TEST_TARGET_NAME = KeepinOn;
				VALIDATE_PRODUCT = YES;
			};
			name = Release;
		};
/* End XCBuildConfiguration section */

/* Begin XCConfigurationList section */
		6E39CC0D2A20561800E99488 /* Build configuration list for PBXProject "KeepinOn" */ = {
			isa = XCConfigurationList;
			buildConfigurations = (
				6E39CC1F2A20561900E99488 /* Debug */,
				6EE394AA2A205A6700CAAEAC /* Test */,
				6E39CC202A20561900E99488 /* Release */,
			);
			defaultConfigurationIsVisible = 0;
			defaultConfigurationName = Release;
		};
		6E39CC212A20561900E99488 /* Build configuration list for PBXNativeTarget "KeepinOn" */ = {
			isa = XCConfigurationList;
			buildConfigurations = (
				6E39CC222A20561900E99488 /* Debug */,
				6EE394AB2A205A6700CAAEAC /* Test */,
				6E39CC232A20561900E99488 /* Release */,
			);
			defaultConfigurationIsVisible = 0;
			defaultConfigurationName = Release;
		};
		6EE394D12A205F0500CAAEAC /* Build configuration list for PBXNativeTarget "KeepinOnTests" */ = {
			isa = XCConfigurationList;
			buildConfigurations = (
				6EE394D22A205F0500CAAEAC /* Debug */,
				6EE394D32A205F0500CAAEAC /* Test */,
				6EE394D42A205F0500CAAEAC /* Release */,
			);
			defaultConfigurationIsVisible = 0;
			defaultConfigurationName = Release;
		};
		6EE394E12A205F0D00CAAEAC /* Build configuration list for PBXNativeTarget "KeepinOnUITests" */ = {
			isa = XCConfigurationList;
			buildConfigurations = (
				6EE394E22A205F0D00CAAEAC /* Debug */,
				6EE394E32A205F0D00CAAEAC /* Test */,
				6EE394E42A205F0D00CAAEAC /* Release */,
			);
			defaultConfigurationIsVisible = 0;
			defaultConfigurationName = Release;
		};
/* End XCConfigurationList section */

/* Begin XCRemoteSwiftPackageReference section */
		6E3AFE7F8EEE4BBB9746C58DF6A9877D /* XCRemoteSwiftPackageReference "swift-composable-architecture" */ = {
			isa = XCRemoteSwiftPackageReference;
			repositoryURL = "https://github.com/pointfreeco/swift-composable-architecture";
			requirement = {
				kind = upToNextMajorVersion;
				minimumVersion = 0.53.2;
			};
		};
/* End XCRemoteSwiftPackageReference section */

/* Begin XCSwiftPackageProductDependency section */
		14BD8D34C7C14F0A91F77C0DDE6C093F /* Projects */ = {
			isa = XCSwiftPackageProductDependency;
			productName = Projects;
		};
		9B85BE51400946CBB9A9F6BACA56EA08 /* ComposableArchitecture */ = {
			isa = XCSwiftPackageProductDependency;
			package = 6E3AFE7F8EEE4BBB9746C58DF6A9877D /* XCRemoteSwiftPackageReference "swift-composable-architecture" */;
			productName = ComposableArchitecture;
		};
/* End XCSwiftPackageProductDependency section */
	};
	rootObject = 6E39CC0A2A20561800E99488 /* Project object */;
}
