{
  "pins" : [
    {
      "identity" : "authenticationservice",
      "kind" : "remoteSourceControl",
      "location" : "https://github.com/Leo-Lem/AuthenticationService",
      "state" : {
        "branch" : "main",
        "revision" : "439d4ac385bf8f2e5da98ad912fa3ee34a545e70"
      }
    },
    {
      "identity" : "combine-schedulers",
      "kind" : "remoteSourceControl",
      "location" : "https://github.com/pointfreeco/combine-schedulers",
      "state" : {
        "revision" : "882ac01eb7ef9e36d4467eb4b1151e74fcef85ab",
        "version" : "0.9.1"
      }
    },
    {
      "identity" : "concurrency",
      "kind" : "remoteSourceControl",
      "location" : "https://github.com/Leo-Lem/Concurrency",
      "state" : {
        "branch" : "main",
        "revision" : "25d2bf0a6fdbe4c6ae2ae5461399ec8965105467"
      }
    },
    {
      "identity" : "databaseservice",
      "kind" : "remoteSourceControl",
      "location" : "https://github.com/Leo-Lem/DatabaseService",
      "state" : {
        "branch" : "main",
        "revision" : "e21a5f1783506c4af6c2a701058193617cf32976"
      }
    },
    {
      "identity" : "errors",
      "kind" : "remoteSourceControl",
      "location" : "https://github.com/Leo-Lem/Errors",
      "state" : {
        "branch" : "main",
        "revision" : "c658fb83dfffc0132cb5f9a0e10dbe65f86908d0"
      }
    },
    {
      "identity" : "hapticsservice",
      "kind" : "remoteSourceControl",
      "location" : "https://github.com/Leo-Lem/HapticsService",
      "state" : {
        "branch" : "main",
        "revision" : "a1ffc8871dc9eaff2e835396b89ba6fe83929083"
      }
    },
    {
      "identity" : "inapppurchaseservice",
      "kind" : "remoteSourceControl",
      "location" : "https://github.com/Leo-Lem/InAppPurchaseService",
      "state" : {
        "branch" : "main",
        "revision" : "28528d4c8c86e948363e8e4f6a6433dc0e5fdfa3"
      }
    },
    {
      "identity" : "indexingservice",
      "kind" : "remoteSourceControl",
      "location" : "https://github.com/Leo-Lem/IndexingService",
      "state" : {
        "branch" : "main",
        "revision" : "ac78ac0f967fc4f950f6ca47b4904e46d7179031"
      }
    },
    {
      "identity" : "keyvaluestorageservice",
      "kind" : "remoteSourceControl",
      "location" : "https://github.com/Leo-Lem/KeyValueStorageService",
      "state" : {
        "branch" : "main",
        "revision" : "621cc72f4a2e982827063989545583ce37f14049"
      }
    },
    {
      "identity" : "leosmisc",
      "kind" : "remoteSourceControl",
      "location" : "https://github.com/Leo-Lem/LeosMisc",
      "state" : {
        "branch" : "main",
        "revision" : "6e24d6e15eeb5841463a316943c899e5b0bd0baa"
      }
    },
    {
      "identity" : "previews",
      "kind" : "remoteSourceControl",
      "location" : "https://github.com/Leo-Lem/Previews",
      "state" : {
        "branch" : "main",
        "revision" : "83c34f8ffe5906a565d9f714519d4f1ac83725ad"
      }
    },
    {
      "identity" : "pushnotificationservice",
      "kind" : "remoteSourceControl",
      "location" : "https://github.com/Leo-Lem/PushNotificationService",
      "state" : {
        "branch" : "main",
        "revision" : "0942e5a4706b53eb230609581222041b100b4161"
      }
    },
    {
      "identity" : "queries",
      "kind" : "remoteSourceControl",
      "location" : "https://github.com/Leo-Lem/Queries",
      "state" : {
        "branch" : "main",
        "revision" : "39a53ddfd5fef27a0bc4508076f9701aad33ca99"
      }
    },
    {
      "identity" : "swift-case-paths",
      "kind" : "remoteSourceControl",
      "location" : "https://github.com/pointfreeco/swift-case-paths",
      "state" : {
        "revision" : "bb436421f57269fbcfe7360735985321585a86e5",
        "version" : "0.10.1"
      }
    },
    {
      "identity" : "swift-clocks",
      "kind" : "remoteSourceControl",
      "location" : "https://github.com/pointfreeco/swift-clocks",
      "state" : {
        "revision" : "20b25ca0dd88ebfb9111ec937814ddc5a8880172",
        "version" : "0.2.0"
      }
    },
    {
      "identity" : "swift-collections",
      "kind" : "remoteSourceControl",
      "location" : "https://github.com/apple/swift-collections",
      "state" : {
        "revision" : "937e904258d22af6e447a0b72c0bc67583ef64a2",
        "version" : "1.0.4"
      }
    },
    {
      "identity" : "swift-composable-architecture",
      "kind" : "remoteSourceControl",
      "location" : "https://github.com/pointfreeco/swift-composable-architecture",
      "state" : {
        "revision" : "c9259b5f74892690cb04a9a8088b4a1789b05a7d",
        "version" : "0.47.2"
      }
    },
    {
      "identity" : "swift-custom-dump",
      "kind" : "remoteSourceControl",
      "location" : "https://github.com/pointfreeco/swift-custom-dump",
      "state" : {
        "revision" : "ead7d30cc224c3642c150b546f4f1080d1c411a8",
        "version" : "0.6.1"
      }
    },
    {
      "identity" : "swift-identified-collections",
      "kind" : "remoteSourceControl",
      "location" : "https://github.com/pointfreeco/swift-identified-collections",
      "state" : {
        "revision" : "a08887de589e3829d488e0b4b707b2ca804b1060",
        "version" : "0.5.0"
      }
    },
    {
      "identity" : "swiftui-navigation",
      "kind" : "remoteSourceControl",
      "location" : "https://github.com/pointfreeco/swiftui-navigation",
      "state" : {
        "revision" : "46acf5ecc1cabdb28d7fe03289f6c8b13a023f52",
        "version" : "0.4.5"
      }
    },
    {
      "identity" : "xctest-dynamic-overlay",
      "kind" : "remoteSourceControl",
      "location" : "https://github.com/pointfreeco/xctest-dynamic-overlay",
      "state" : {
        "revision" : "5a5457a744239896e9b0b03a8e1a5069c3e7b91f",
        "version" : "0.6.0"
      }
    }
  ],
  "version" : 2
}
